// !$*UTF8*$!
{
	archiveVersion = 1;
	classes = {
	};
	objectVersion = 55;
	objects = {

/* Begin PBXBuildFile section */
		7D010AAF28DC41BE00E8E108 /* ProfileView.swift in Sources */ = {isa = PBXBuildFile; fileRef = 7D010AAE28DC41BE00E8E108 /* ProfileView.swift */; };
		7D010AB128DC571000E8E108 /* Day36.swift in Sources */ = {isa = PBXBuildFile; fileRef = 7D010AB028DC571000E8E108 /* Day36.swift */; };
		7D010AB428DC6B9F00E8E108 /* Day36ViewModel.swift in Sources */ = {isa = PBXBuildFile; fileRef = 7D010AB328DC6B9F00E8E108 /* Day36ViewModel.swift */; };
		7D010AB628DC6BE100E8E108 /* SecondVieww.swift in Sources */ = {isa = PBXBuildFile; fileRef = 7D010AB528DC6BE100E8E108 /* SecondVieww.swift */; };
		7D010AB828DC892100E8E108 /* asdfoisfod.swift in Sources */ = {isa = PBXBuildFile; fileRef = 7D010AB728DC892100E8E108 /* asdfoisfod.swift */; };
		7D010ABA28DC8B2A00E8E108 /* Day36Model.swift in Sources */ = {isa = PBXBuildFile; fileRef = 7D010AB928DC8B2A00E8E108 /* Day36Model.swift */; };
		7D010ABD28DC9EAE00E8E108 /* MainViewDay37.swift in Sources */ = {isa = PBXBuildFile; fileRef = 7D010ABC28DC9EAE00E8E108 /* MainViewDay37.swift */; };
		7D010ABF28DC9F6E00E8E108 /* Third33View.swift in Sources */ = {isa = PBXBuildFile; fileRef = 7D010ABE28DC9F6E00E8E108 /* Third33View.swift */; };
		7D010AC128DCA33C00E8E108 /* PersonalExpense.swift in Sources */ = {isa = PBXBuildFile; fileRef = 7D010AC028DCA33C00E8E108 /* PersonalExpense.swift */; };
		7D010AC328DCA39500E8E108 /* ExpenseViewModel.swift in Sources */ = {isa = PBXBuildFile; fileRef = 7D010AC228DCA39500E8E108 /* ExpenseViewModel.swift */; };
		7D01118828CDC44B00386217 /* Project4Prep.swift in Sources */ = {isa = PBXBuildFile; fileRef = 7D01118728CDC44B00386217 /* Project4Prep.swift */; };
		7D01118A28CE071600386217 /* Projekt4Final.swift in Sources */ = {isa = PBXBuildFile; fileRef = 7D01118928CE071600386217 /* Projekt4Final.swift */; };
		7D08B6A528DA69C9009FC19D /* ViewMaker.swift in Sources */ = {isa = PBXBuildFile; fileRef = 7D08B6A428DA69C9009FC19D /* ViewMaker.swift */; };
		7D08B6A728DA781C009FC19D /* problem.swift in Sources */ = {isa = PBXBuildFile; fileRef = 7D08B6A628DA781C009FC19D /* problem.swift */; };
		7D14F28428CF46BA00E41B7C /* start.txt in Resources */ = {isa = PBXBuildFile; fileRef = 7D14F28328CF46BA00E41B7C /* start.txt */; };
		7D14F28628CFA5D200E41B7C /* Project6Prep.swift in Sources */ = {isa = PBXBuildFile; fileRef = 7D14F28528CFA5D200E41B7C /* Project6Prep.swift */; };
		7D2022C528DD7D1C00BC0826 /* AddView.swift in Sources */ = {isa = PBXBuildFile; fileRef = 7D2022C428DD7D1C00BC0826 /* AddView.swift */; };
		7D2022C828DDA56300BC0826 /* MoonShotView.swift in Sources */ = {isa = PBXBuildFile; fileRef = 7D2022C728DDA56300BC0826 /* MoonShotView.swift */; };
		7D2022CA28DDAA4B00BC0826 /* Day39Playground.swift in Sources */ = {isa = PBXBuildFile; fileRef = 7D2022C928DDAA4B00BC0826 /* Day39Playground.swift */; };
		7D2022CD28DDEBBE00BC0826 /* missions.json in Resources */ = {isa = PBXBuildFile; fileRef = 7D2022CB28DDEBBE00BC0826 /* missions.json */; };
		7D2022CE28DDEBBE00BC0826 /* astronauts.json in Resources */ = {isa = PBXBuildFile; fileRef = 7D2022CC28DDEBBE00BC0826 /* astronauts.json */; };
		7D2022D028DDEC0400BC0826 /* Astronaut.swift in Sources */ = {isa = PBXBuildFile; fileRef = 7D2022CF28DDEC0400BC0826 /* Astronaut.swift */; };
		7D2022D228DDECCF00BC0826 /* Bundle-Decodable.swift in Sources */ = {isa = PBXBuildFile; fileRef = 7D2022D128DDECCF00BC0826 /* Bundle-Decodable.swift */; };
		7D2022D428DDF04400BC0826 /* MissionModel.swift in Sources */ = {isa = PBXBuildFile; fileRef = 7D2022D328DDF04400BC0826 /* MissionModel.swift */; };
		7D2022D628DE2A3F00BC0826 /* ColorTheme.swift in Sources */ = {isa = PBXBuildFile; fileRef = 7D2022D528DE2A3F00BC0826 /* ColorTheme.swift */; };
		7D2022D828DE311D00BC0826 /* MissionView.swift in Sources */ = {isa = PBXBuildFile; fileRef = 7D2022D728DE311D00BC0826 /* MissionView.swift */; };
		7D2022DA28DE3B8B00BC0826 /* AstronautView.swift in Sources */ = {isa = PBXBuildFile; fileRef = 7D2022D928DE3B8B00BC0826 /* AstronautView.swift */; };
		7D2022DC28DE447400BC0826 /* ButtonStyle.swift in Sources */ = {isa = PBXBuildFile; fileRef = 7D2022DB28DE447400BC0826 /* ButtonStyle.swift */; };
		7D2662C328CA119E00FCB731 /* SecondTryBlind.swift in Sources */ = {isa = PBXBuildFile; fileRef = 7D2662C228CA119E00FCB731 /* SecondTryBlind.swift */; };
		7D2ECBE428D3B8F2001E6A39 /* smalltest.swift in Sources */ = {isa = PBXBuildFile; fileRef = 7D2ECBE328D3B8F2001E6A39 /* smalltest.swift */; };
		7D43A36028DAE20100193EE5 /* BoardingView.swift in Sources */ = {isa = PBXBuildFile; fileRef = 7D43A35F28DAE20100193EE5 /* BoardingView.swift */; };
		7D43A36228DAF13F00193EE5 /* OnboardingView.swift in Sources */ = {isa = PBXBuildFile; fileRef = 7D43A36128DAF13F00193EE5 /* OnboardingView.swift */; };
		7D43A36528DB083600193EE5 /* Overlay.swift in Sources */ = {isa = PBXBuildFile; fileRef = 7D43A36428DB083600193EE5 /* Overlay.swift */; };
		7D43A36728DB08F600193EE5 /* FrameBootcamp.swift in Sources */ = {isa = PBXBuildFile; fileRef = 7D43A36628DB08F600193EE5 /* FrameBootcamp.swift */; };
		7D43A36928DB09C600193EE5 /* GradientBootcamp.swift in Sources */ = {isa = PBXBuildFile; fileRef = 7D43A36828DB09C600193EE5 /* GradientBootcamp.swift */; };
		7D492EFB28CB2F880058C961 /* Project2Prep.swift in Sources */ = {isa = PBXBuildFile; fileRef = 7D492EFA28CB2F880058C961 /* Project2Prep.swift */; };
		7D492EFD28CB6ABD0058C961 /* Project2Blind.swift in Sources */ = {isa = PBXBuildFile; fileRef = 7D492EFC28CB6ABD0058C961 /* Project2Blind.swift */; };
		7D492F0128CBA93D0058C961 /* Project2Final.swift in Sources */ = {isa = PBXBuildFile; fileRef = 7D492F0028CBA93D0058C961 /* Project2Final.swift */; };
		7D492F0328CBC14A0058C961 /* Project3Prep.swift in Sources */ = {isa = PBXBuildFile; fileRef = 7D492F0228CBC14A0058C961 /* Project3Prep.swift */; };
		7D4B5A0C28CE0EA900D23719 /* SleepCalculator.mlmodel in Sources */ = {isa = PBXBuildFile; fileRef = 7D4B5A0B28CE0EA900D23719 /* SleepCalculator.mlmodel */; };
		7D4B5A0E28CE18AA00D23719 /* Project5Final.swift in Sources */ = {isa = PBXBuildFile; fileRef = 7D4B5A0D28CE18AA00D23719 /* Project5Final.swift */; };
		7D5D59C528D999C9002CC7FD /* ViewModelBootcamp.swift in Sources */ = {isa = PBXBuildFile; fileRef = 7D5D59C428D999C9002CC7FD /* ViewModelBootcamp.swift */; };
		7D5D59C728D99A47002CC7FD /* FruitModel.swift in Sources */ = {isa = PBXBuildFile; fileRef = 7D5D59C628D99A47002CC7FD /* FruitModel.swift */; };
		7D5D59C928D99AFD002CC7FD /* ActualVM.swift in Sources */ = {isa = PBXBuildFile; fileRef = 7D5D59C828D99AFD002CC7FD /* ActualVM.swift */; };
		7D5D59CB28D9ACC6002CC7FD /* SecondScreen.swift in Sources */ = {isa = PBXBuildFile; fileRef = 7D5D59CA28D9ACC6002CC7FD /* SecondScreen.swift */; };
		7D5D59CE28D9B7B1002CC7FD /* EnvironmentObjectBootcamp.swift in Sources */ = {isa = PBXBuildFile; fileRef = 7D5D59CD28D9B7B1002CC7FD /* EnvironmentObjectBootcamp.swift */; };
		7D5D59D028D9B84A002CC7FD /* EnvironmentThing.swift in Sources */ = {isa = PBXBuildFile; fileRef = 7D5D59CF28D9B84A002CC7FD /* EnvironmentThing.swift */; };
		7D5D59D228D9BA88002CC7FD /* DetailView.swift in Sources */ = {isa = PBXBuildFile; fileRef = 7D5D59D128D9BA88002CC7FD /* DetailView.swift */; };
		7D5D59D528D9EE8D002CC7FD /* TapGesture.swift in Sources */ = {isa = PBXBuildFile; fileRef = 7D5D59D428D9EE8D002CC7FD /* TapGesture.swift */; };
		7D5D59D728D9F04C002CC7FD /* tapgestures2.swift in Sources */ = {isa = PBXBuildFile; fileRef = 7D5D59D628D9F04C002CC7FD /* tapgestures2.swift */; };
		7D5D59DA28D9F307002CC7FD /* AppStorage.swift in Sources */ = {isa = PBXBuildFile; fileRef = 7D5D59D928D9F307002CC7FD /* AppStorage.swift */; };
		7D5D59DD28D9F47E002CC7FD /* ifletguardBootccamp.swift in Sources */ = {isa = PBXBuildFile; fileRef = 7D5D59DC28D9F47E002CC7FD /* ifletguardBootccamp.swift */; };
		7D5D59E228DA4732002CC7FD /* 1sView.swift in Sources */ = {isa = PBXBuildFile; fileRef = 7D5D59E128DA4732002CC7FD /* 1sView.swift */; };
		7D5D59E428DA474E002CC7FD /* twoView.swift in Sources */ = {isa = PBXBuildFile; fileRef = 7D5D59E328DA474E002CC7FD /* twoView.swift */; };
		7D5D59E628DA475A002CC7FD /* 3view.swift in Sources */ = {isa = PBXBuildFile; fileRef = 7D5D59E528DA475A002CC7FD /* 3view.swift */; };
		7D5D59E828DA4764002CC7FD /* fourView.swift in Sources */ = {isa = PBXBuildFile; fileRef = 7D5D59E728DA4764002CC7FD /* fourView.swift */; };
		7D5D59EA28DA4779002CC7FD /* thirdPage.swift in Sources */ = {isa = PBXBuildFile; fileRef = 7D5D59E928DA4779002CC7FD /* thirdPage.swift */; };
		7D5D59ED28DA50D3002CC7FD /* BittunView.swift in Sources */ = {isa = PBXBuildFile; fileRef = 7D5D59EC28DA50D3002CC7FD /* BittunView.swift */; };
		7D5D59EF28DA50E0002CC7FD /* ButtonUI.swift in Sources */ = {isa = PBXBuildFile; fileRef = 7D5D59EE28DA50E0002CC7FD /* ButtonUI.swift */; };
		7D5D59F128DA52E8002CC7FD /* BittungeModel.swift in Sources */ = {isa = PBXBuildFile; fileRef = 7D5D59F028DA52E8002CC7FD /* BittungeModel.swift */; };
		7D5D59F328DA57C2002CC7FD /* ButtonLook33.swift in Sources */ = {isa = PBXBuildFile; fileRef = 7D5D59F228DA57C2002CC7FD /* ButtonLook33.swift */; };
		7D65486E28D65F1C000F5F6E /* SelectedButton.swift in Sources */ = {isa = PBXBuildFile; fileRef = 7D65486D28D65F1B000F5F6E /* SelectedButton.swift */; };
		7D65487128D669A1000F5F6E /* MainView.swift in Sources */ = {isa = PBXBuildFile; fileRef = 7D65487028D669A0000F5F6E /* MainView.swift */; };
		7D65487428D66ABA000F5F6E /* ButtonLook.swift in Sources */ = {isa = PBXBuildFile; fileRef = 7D65487328D66ABA000F5F6E /* ButtonLook.swift */; };
		7D65487928D6803A000F5F6E /* TakeItEasy.swift in Sources */ = {isa = PBXBuildFile; fileRef = 7D65487828D6803A000F5F6E /* TakeItEasy.swift */; };
		7D65487B28D6816C000F5F6E /* TakeItEasyTwo.swift in Sources */ = {isa = PBXBuildFile; fileRef = 7D65487A28D6816C000F5F6E /* TakeItEasyTwo.swift */; };
		7D7D0CA128D0AD0F00FA8639 /* Project6Rotation.swift in Sources */ = {isa = PBXBuildFile; fileRef = 7D7D0CA028D0AD0F00FA8639 /* Project6Rotation.swift */; };
		7D7D0CA528D103EC00FA8639 /* ProjectDay35.swift in Sources */ = {isa = PBXBuildFile; fileRef = 7D7D0CA428D103EC00FA8639 /* ProjectDay35.swift */; };
		7D88F84E28C8BEEA00AD0848 /* WeSplitApp.swift in Sources */ = {isa = PBXBuildFile; fileRef = 7D88F84D28C8BEEA00AD0848 /* WeSplitApp.swift */; };
		7D88F85028C8BEEA00AD0848 /* ProjectWeSplit.swift in Sources */ = {isa = PBXBuildFile; fileRef = 7D88F84F28C8BEEA00AD0848 /* ProjectWeSplit.swift */; };
		7D88F85228C8BEEC00AD0848 /* Assets.xcassets in Resources */ = {isa = PBXBuildFile; fileRef = 7D88F85128C8BEEC00AD0848 /* Assets.xcassets */; };
		7D88F85528C8BEEC00AD0848 /* Preview Assets.xcassets in Resources */ = {isa = PBXBuildFile; fileRef = 7D88F85428C8BEEC00AD0848 /* Preview Assets.xcassets */; };
		7D8E650A28D8979A0083E774 /* ObsObject.swift in Sources */ = {isa = PBXBuildFile; fileRef = 7D8E650928D8979A0083E774 /* ObsObject.swift */; };
		7D8E650C28D897EB0083E774 /* FancyTimer.swift in Sources */ = {isa = PBXBuildFile; fileRef = 7D8E650B28D897EB0083E774 /* FancyTimer.swift */; };
		7D8E650E28D899A40083E774 /* FirsView.swift in Sources */ = {isa = PBXBuildFile; fileRef = 7D8E650D28D899A40083E774 /* FirsView.swift */; };
		7D8E651028D89A2E0083E774 /* ButtongView.swift in Sources */ = {isa = PBXBuildFile; fileRef = 7D8E650F28D89A2E0083E774 /* ButtongView.swift */; };
		7D8E651228D89D950083E774 /* PeopleViewMVVM.swift in Sources */ = {isa = PBXBuildFile; fileRef = 7D8E651128D89D950083E774 /* PeopleViewMVVM.swift */; };
		7D8E651428D89DB30083E774 /* Person.swift in Sources */ = {isa = PBXBuildFile; fileRef = 7D8E651328D89DB30083E774 /* Person.swift */; };
		7D8E651A28D89EC70083E774 /* PersonViewModel.swift in Sources */ = {isa = PBXBuildFile; fileRef = 7D8E651928D89EC70083E774 /* PersonViewModel.swift */; };
		7D8E651D28D8B1AB0083E774 /* ModelBootcamp.swift in Sources */ = {isa = PBXBuildFile; fileRef = 7D8E651C28D8B1AB0083E774 /* ModelBootcamp.swift */; };
		7D8E651F28D8B4C70083E774 /* UserModel.swift in Sources */ = {isa = PBXBuildFile; fileRef = 7D8E651E28D8B4C70083E774 /* UserModel.swift */; };
		7D8E652128D8B64E0083E774 /* UserViewModel.swift in Sources */ = {isa = PBXBuildFile; fileRef = 7D8E652028D8B64E0083E774 /* UserViewModel.swift */; };
		7D8E652428D8D4CB0083E774 /* View.swift in Sources */ = {isa = PBXBuildFile; fileRef = 7D8E652328D8D4CB0083E774 /* View.swift */; };
		7D8E652628D8D4E90083E774 /* Model.swift in Sources */ = {isa = PBXBuildFile; fileRef = 7D8E652528D8D4E90083E774 /* Model.swift */; };
		7D8E652828D8D5120083E774 /* ViewModel.swift in Sources */ = {isa = PBXBuildFile; fileRef = 7D8E652728D8D5120083E774 /* ViewModel.swift */; };
		7D8E652A28D911380083E774 /* ExternalViews.swift in Sources */ = {isa = PBXBuildFile; fileRef = 7D8E652928D911380083E774 /* ExternalViews.swift */; };
		7D8E652D28D926860083E774 /* ModelAGAIN.swift in Sources */ = {isa = PBXBuildFile; fileRef = 7D8E652C28D926860083E774 /* ModelAGAIN.swift */; };
		7D8E652F28D9288E0083E774 /* ViewAGAIN.swift in Sources */ = {isa = PBXBuildFile; fileRef = 7D8E652E28D9288E0083E774 /* ViewAGAIN.swift */; };
		7D8E653128D928A10083E774 /* ViewModelAGAIN.swift in Sources */ = {isa = PBXBuildFile; fileRef = 7D8E653028D928A10083E774 /* ViewModelAGAIN.swift */; };
		7D8E653328D928B30083E774 /* ExtraStuffAGAIN.swift in Sources */ = {isa = PBXBuildFile; fileRef = 7D8E653228D928B30083E774 /* ExtraStuffAGAIN.swift */; };
		7DA6732B28D60CC5007EEAEA /* Parentview.swift in Sources */ = {isa = PBXBuildFile; fileRef = 7DA6732A28D60CC5007EEAEA /* Parentview.swift */; };
		7DA6733228D60F3C007EEAEA /* AccountView.swift in Sources */ = {isa = PBXBuildFile; fileRef = 7DA6733128D60F3C007EEAEA /* AccountView.swift */; };
		7DA6733428D60F4A007EEAEA /* BalanceView.swift in Sources */ = {isa = PBXBuildFile; fileRef = 7DA6733328D60F4A007EEAEA /* BalanceView.swift */; };
		7DA6733628D60F73007EEAEA /* ProfileClass.swift in Sources */ = {isa = PBXBuildFile; fileRef = 7DA6733528D60F73007EEAEA /* ProfileClass.swift */; };
		7DB2FE0328D5B75100919411 /* DataFlowThing.swift in Sources */ = {isa = PBXBuildFile; fileRef = 7DB2FE0228D5B75100919411 /* DataFlowThing.swift */; };
		7DB2FE0528D5BBA100919411 /* DataFlowHonkiFail.swift in Sources */ = {isa = PBXBuildFile; fileRef = 7DB2FE0428D5BBA100919411 /* DataFlowHonkiFail.swift */; };
		7DB2FE0728D5C04C00919411 /* DataFlow1.swift in Sources */ = {isa = PBXBuildFile; fileRef = 7DB2FE0628D5C04C00919411 /* DataFlow1.swift */; };
		7DB2FE0928D5F45F00919411 /* DataFlow2BINDING.swift in Sources */ = {isa = PBXBuildFile; fileRef = 7DB2FE0828D5F45F00919411 /* DataFlow2BINDING.swift */; };
		7DB2FE0B28D5FB6C00919411 /* DataFlow3.swift in Sources */ = {isa = PBXBuildFile; fileRef = 7DB2FE0A28D5FB6C00919411 /* DataFlow3.swift */; };
		7DB2FE0D28D5FF4300919411 /* ControlPanelView.swift in Sources */ = {isa = PBXBuildFile; fileRef = 7DB2FE0C28D5FF4300919411 /* ControlPanelView.swift */; };
		7DB2FE1128D603E100919411 /* Fun.swift in Sources */ = {isa = PBXBuildFile; fileRef = 7DB2FE1028D603E100919411 /* Fun.swift */; };
		7DB57F0028D7066C00E29935 /* ColorChange.swift in Sources */ = {isa = PBXBuildFile; fileRef = 7DB57EFF28D7066C00E29935 /* ColorChange.swift */; };
		7DB8031B28CD088200111F8C /* playground.swift in Sources */ = {isa = PBXBuildFile; fileRef = 7DB8031A28CD088200111F8C /* playground.swift */; };
		7DC22FFE28DE514A00D72721 /* Wait.swift in Sources */ = {isa = PBXBuildFile; fileRef = 7DC22FFD28DE514900D72721 /* Wait.swift */; };
		7DC5D09A28CA30360011E897 /* ProjectWeSplitFixPercentages.swift in Sources */ = {isa = PBXBuildFile; fileRef = 7DC5D09928CA30360011E897 /* ProjectWeSplitFixPercentages.swift */; };
		7DC5D09C28CA63A60011E897 /* Project1Final.swift in Sources */ = {isa = PBXBuildFile; fileRef = 7DC5D09B28CA63A60011E897 /* Project1Final.swift */; };
		7DE18DF428DEFB98004F9B28 /* ScrollView.swift in Sources */ = {isa = PBXBuildFile; fileRef = 7DE18DF328DEFB98004F9B28 /* ScrollView.swift */; };
		7DE18DF628DF0426004F9B28 /* CheckCheckMicCheck.swift in Sources */ = {isa = PBXBuildFile; fileRef = 7DE18DF528DF0426004F9B28 /* CheckCheckMicCheck.swift */; };
		7DE2155428CCA6E70006BEEF /* Project3Challenge3.swift in Sources */ = {isa = PBXBuildFile; fileRef = 7DE2155328CCA6E70006BEEF /* Project3Challenge3.swift */; };
		7DE2155628CCB6270006BEEF /* Project1-3Milestone.swift in Sources */ = {isa = PBXBuildFile; fileRef = 7DE2155528CCB6270006BEEF /* Project1-3Milestone.swift */; };
		7DED9F5528D4599500224784 /* SimleNav.swift in Sources */ = {isa = PBXBuildFile; fileRef = 7DED9F5428D4599500224784 /* SimleNav.swift */; };
		7DED9F5928D4740300224784 /* AdvancedNav.swift in Sources */ = {isa = PBXBuildFile; fileRef = 7DED9F5828D4740300224784 /* AdvancedNav.swift */; };
		7DED9F5B28D4895500224784 /* TryAdvancedNavBlind.swift in Sources */ = {isa = PBXBuildFile; fileRef = 7DED9F5A28D4895500224784 /* TryAdvancedNavBlind.swift */; };
/* End PBXBuildFile section */

/* Begin PBXFileReference section */
		7D010AAE28DC41BE00E8E108 /* ProfileView.swift */ = {isa = PBXFileReference; lastKnownFileType = sourcecode.swift; path = ProfileView.swift; sourceTree = "<group>"; };
		7D010AB028DC571000E8E108 /* Day36.swift */ = {isa = PBXFileReference; lastKnownFileType = sourcecode.swift; path = Day36.swift; sourceTree = "<group>"; };
		7D010AB328DC6B9F00E8E108 /* Day36ViewModel.swift */ = {isa = PBXFileReference; lastKnownFileType = sourcecode.swift; path = Day36ViewModel.swift; sourceTree = "<group>"; };
		7D010AB528DC6BE100E8E108 /* SecondVieww.swift */ = {isa = PBXFileReference; lastKnownFileType = sourcecode.swift; path = SecondVieww.swift; sourceTree = "<group>"; };
		7D010AB728DC892100E8E108 /* asdfoisfod.swift */ = {isa = PBXFileReference; lastKnownFileType = sourcecode.swift; path = asdfoisfod.swift; sourceTree = "<group>"; };
		7D010AB928DC8B2A00E8E108 /* Day36Model.swift */ = {isa = PBXFileReference; lastKnownFileType = sourcecode.swift; path = Day36Model.swift; sourceTree = "<group>"; };
		7D010ABC28DC9EAE00E8E108 /* MainViewDay37.swift */ = {isa = PBXFileReference; lastKnownFileType = sourcecode.swift; path = MainViewDay37.swift; sourceTree = "<group>"; };
		7D010ABE28DC9F6E00E8E108 /* Third33View.swift */ = {isa = PBXFileReference; lastKnownFileType = sourcecode.swift; path = Third33View.swift; sourceTree = "<group>"; };
		7D010AC028DCA33C00E8E108 /* PersonalExpense.swift */ = {isa = PBXFileReference; lastKnownFileType = sourcecode.swift; path = PersonalExpense.swift; sourceTree = "<group>"; };
		7D010AC228DCA39500E8E108 /* ExpenseViewModel.swift */ = {isa = PBXFileReference; lastKnownFileType = sourcecode.swift; path = ExpenseViewModel.swift; sourceTree = "<group>"; };
		7D01118728CDC44B00386217 /* Project4Prep.swift */ = {isa = PBXFileReference; lastKnownFileType = sourcecode.swift; path = Project4Prep.swift; sourceTree = "<group>"; };
		7D01118928CE071600386217 /* Projekt4Final.swift */ = {isa = PBXFileReference; lastKnownFileType = sourcecode.swift; path = Projekt4Final.swift; sourceTree = "<group>"; };
		7D08B6A428DA69C9009FC19D /* ViewMaker.swift */ = {isa = PBXFileReference; lastKnownFileType = sourcecode.swift; path = ViewMaker.swift; sourceTree = "<group>"; };
		7D08B6A628DA781C009FC19D /* problem.swift */ = {isa = PBXFileReference; lastKnownFileType = sourcecode.swift; path = problem.swift; sourceTree = "<group>"; };
		7D14F28328CF46BA00E41B7C /* start.txt */ = {isa = PBXFileReference; fileEncoding = 4; lastKnownFileType = text; path = start.txt; sourceTree = "<group>"; };
		7D14F28528CFA5D200E41B7C /* Project6Prep.swift */ = {isa = PBXFileReference; lastKnownFileType = sourcecode.swift; path = Project6Prep.swift; sourceTree = "<group>"; };
		7D2022C428DD7D1C00BC0826 /* AddView.swift */ = {isa = PBXFileReference; lastKnownFileType = sourcecode.swift; path = AddView.swift; sourceTree = "<group>"; };
		7D2022C728DDA56300BC0826 /* MoonShotView.swift */ = {isa = PBXFileReference; lastKnownFileType = sourcecode.swift; path = MoonShotView.swift; sourceTree = "<group>"; };
		7D2022C928DDAA4B00BC0826 /* Day39Playground.swift */ = {isa = PBXFileReference; lastKnownFileType = sourcecode.swift; path = Day39Playground.swift; sourceTree = "<group>"; };
		7D2022CB28DDEBBE00BC0826 /* missions.json */ = {isa = PBXFileReference; fileEncoding = 4; lastKnownFileType = text.json; path = missions.json; sourceTree = "<group>"; };
		7D2022CC28DDEBBE00BC0826 /* astronauts.json */ = {isa = PBXFileReference; fileEncoding = 4; lastKnownFileType = text.json; path = astronauts.json; sourceTree = "<group>"; };
		7D2022CF28DDEC0400BC0826 /* Astronaut.swift */ = {isa = PBXFileReference; lastKnownFileType = sourcecode.swift; path = Astronaut.swift; sourceTree = "<group>"; };
		7D2022D128DDECCF00BC0826 /* Bundle-Decodable.swift */ = {isa = PBXFileReference; lastKnownFileType = sourcecode.swift; path = "Bundle-Decodable.swift"; sourceTree = "<group>"; };
		7D2022D328DDF04400BC0826 /* MissionModel.swift */ = {isa = PBXFileReference; lastKnownFileType = sourcecode.swift; path = MissionModel.swift; sourceTree = "<group>"; };
		7D2022D528DE2A3F00BC0826 /* ColorTheme.swift */ = {isa = PBXFileReference; lastKnownFileType = sourcecode.swift; path = ColorTheme.swift; sourceTree = "<group>"; };
		7D2022D728DE311D00BC0826 /* MissionView.swift */ = {isa = PBXFileReference; lastKnownFileType = sourcecode.swift; path = MissionView.swift; sourceTree = "<group>"; };
		7D2022D928DE3B8B00BC0826 /* AstronautView.swift */ = {isa = PBXFileReference; lastKnownFileType = sourcecode.swift; path = AstronautView.swift; sourceTree = "<group>"; };
		7D2022DB28DE447400BC0826 /* ButtonStyle.swift */ = {isa = PBXFileReference; lastKnownFileType = sourcecode.swift; path = ButtonStyle.swift; sourceTree = "<group>"; };
		7D2662C228CA119E00FCB731 /* SecondTryBlind.swift */ = {isa = PBXFileReference; lastKnownFileType = sourcecode.swift; path = SecondTryBlind.swift; sourceTree = "<group>"; };
		7D2ECBE328D3B8F2001E6A39 /* smalltest.swift */ = {isa = PBXFileReference; lastKnownFileType = sourcecode.swift; path = smalltest.swift; sourceTree = "<group>"; };
		7D43A35F28DAE20100193EE5 /* BoardingView.swift */ = {isa = PBXFileReference; lastKnownFileType = sourcecode.swift; path = BoardingView.swift; sourceTree = "<group>"; };
		7D43A36128DAF13F00193EE5 /* OnboardingView.swift */ = {isa = PBXFileReference; lastKnownFileType = sourcecode.swift; path = OnboardingView.swift; sourceTree = "<group>"; };
		7D43A36428DB083600193EE5 /* Overlay.swift */ = {isa = PBXFileReference; lastKnownFileType = sourcecode.swift; path = Overlay.swift; sourceTree = "<group>"; };
		7D43A36628DB08F600193EE5 /* FrameBootcamp.swift */ = {isa = PBXFileReference; lastKnownFileType = sourcecode.swift; path = FrameBootcamp.swift; sourceTree = "<group>"; };
		7D43A36828DB09C600193EE5 /* GradientBootcamp.swift */ = {isa = PBXFileReference; lastKnownFileType = sourcecode.swift; path = GradientBootcamp.swift; sourceTree = "<group>"; };
		7D492EFA28CB2F880058C961 /* Project2Prep.swift */ = {isa = PBXFileReference; lastKnownFileType = sourcecode.swift; path = Project2Prep.swift; sourceTree = "<group>"; };
		7D492EFC28CB6ABD0058C961 /* Project2Blind.swift */ = {isa = PBXFileReference; lastKnownFileType = sourcecode.swift; path = Project2Blind.swift; sourceTree = "<group>"; };
		7D492F0028CBA93D0058C961 /* Project2Final.swift */ = {isa = PBXFileReference; lastKnownFileType = sourcecode.swift; path = Project2Final.swift; sourceTree = "<group>"; };
		7D492F0228CBC14A0058C961 /* Project3Prep.swift */ = {isa = PBXFileReference; lastKnownFileType = sourcecode.swift; path = Project3Prep.swift; sourceTree = "<group>"; };
		7D4B5A0B28CE0EA900D23719 /* SleepCalculator.mlmodel */ = {isa = PBXFileReference; lastKnownFileType = file.mlmodel; path = SleepCalculator.mlmodel; sourceTree = "<group>"; };
		7D4B5A0D28CE18AA00D23719 /* Project5Final.swift */ = {isa = PBXFileReference; lastKnownFileType = sourcecode.swift; path = Project5Final.swift; sourceTree = "<group>"; };
		7D5D59C428D999C9002CC7FD /* ViewModelBootcamp.swift */ = {isa = PBXFileReference; lastKnownFileType = sourcecode.swift; path = ViewModelBootcamp.swift; sourceTree = "<group>"; };
		7D5D59C628D99A47002CC7FD /* FruitModel.swift */ = {isa = PBXFileReference; lastKnownFileType = sourcecode.swift; path = FruitModel.swift; sourceTree = "<group>"; };
		7D5D59C828D99AFD002CC7FD /* ActualVM.swift */ = {isa = PBXFileReference; lastKnownFileType = sourcecode.swift; path = ActualVM.swift; sourceTree = "<group>"; };
		7D5D59CA28D9ACC6002CC7FD /* SecondScreen.swift */ = {isa = PBXFileReference; lastKnownFileType = sourcecode.swift; path = SecondScreen.swift; sourceTree = "<group>"; };
		7D5D59CD28D9B7B1002CC7FD /* EnvironmentObjectBootcamp.swift */ = {isa = PBXFileReference; lastKnownFileType = sourcecode.swift; path = EnvironmentObjectBootcamp.swift; sourceTree = "<group>"; };
		7D5D59CF28D9B84A002CC7FD /* EnvironmentThing.swift */ = {isa = PBXFileReference; lastKnownFileType = sourcecode.swift; path = EnvironmentThing.swift; sourceTree = "<group>"; };
		7D5D59D128D9BA88002CC7FD /* DetailView.swift */ = {isa = PBXFileReference; lastKnownFileType = sourcecode.swift; path = DetailView.swift; sourceTree = "<group>"; };
		7D5D59D428D9EE8D002CC7FD /* TapGesture.swift */ = {isa = PBXFileReference; lastKnownFileType = sourcecode.swift; path = TapGesture.swift; sourceTree = "<group>"; };
		7D5D59D628D9F04C002CC7FD /* tapgestures2.swift */ = {isa = PBXFileReference; lastKnownFileType = sourcecode.swift; path = tapgestures2.swift; sourceTree = "<group>"; };
		7D5D59D928D9F307002CC7FD /* AppStorage.swift */ = {isa = PBXFileReference; lastKnownFileType = sourcecode.swift; path = AppStorage.swift; sourceTree = "<group>"; };
		7D5D59DC28D9F47E002CC7FD /* ifletguardBootccamp.swift */ = {isa = PBXFileReference; lastKnownFileType = sourcecode.swift; path = ifletguardBootccamp.swift; sourceTree = "<group>"; };
		7D5D59E128DA4732002CC7FD /* 1sView.swift */ = {isa = PBXFileReference; lastKnownFileType = sourcecode.swift; path = 1sView.swift; sourceTree = "<group>"; };
		7D5D59E328DA474E002CC7FD /* twoView.swift */ = {isa = PBXFileReference; lastKnownFileType = sourcecode.swift; path = twoView.swift; sourceTree = "<group>"; };
		7D5D59E528DA475A002CC7FD /* 3view.swift */ = {isa = PBXFileReference; lastKnownFileType = sourcecode.swift; path = 3view.swift; sourceTree = "<group>"; };
		7D5D59E728DA4764002CC7FD /* fourView.swift */ = {isa = PBXFileReference; lastKnownFileType = sourcecode.swift; path = fourView.swift; sourceTree = "<group>"; };
		7D5D59E928DA4779002CC7FD /* thirdPage.swift */ = {isa = PBXFileReference; lastKnownFileType = sourcecode.swift; path = thirdPage.swift; sourceTree = "<group>"; };
		7D5D59EC28DA50D3002CC7FD /* BittunView.swift */ = {isa = PBXFileReference; lastKnownFileType = sourcecode.swift; path = BittunView.swift; sourceTree = "<group>"; };
		7D5D59EE28DA50E0002CC7FD /* ButtonUI.swift */ = {isa = PBXFileReference; lastKnownFileType = sourcecode.swift; path = ButtonUI.swift; sourceTree = "<group>"; };
		7D5D59F028DA52E8002CC7FD /* BittungeModel.swift */ = {isa = PBXFileReference; lastKnownFileType = sourcecode.swift; path = BittungeModel.swift; sourceTree = "<group>"; };
		7D5D59F228DA57C2002CC7FD /* ButtonLook33.swift */ = {isa = PBXFileReference; lastKnownFileType = sourcecode.swift; path = ButtonLook33.swift; sourceTree = "<group>"; };
		7D65486D28D65F1B000F5F6E /* SelectedButton.swift */ = {isa = PBXFileReference; lastKnownFileType = sourcecode.swift; path = SelectedButton.swift; sourceTree = "<group>"; };
		7D65487028D669A0000F5F6E /* MainView.swift */ = {isa = PBXFileReference; lastKnownFileType = sourcecode.swift; path = MainView.swift; sourceTree = "<group>"; };
		7D65487328D66ABA000F5F6E /* ButtonLook.swift */ = {isa = PBXFileReference; lastKnownFileType = sourcecode.swift; path = ButtonLook.swift; sourceTree = "<group>"; };
		7D65487828D6803A000F5F6E /* TakeItEasy.swift */ = {isa = PBXFileReference; lastKnownFileType = sourcecode.swift; path = TakeItEasy.swift; sourceTree = "<group>"; };
		7D65487A28D6816C000F5F6E /* TakeItEasyTwo.swift */ = {isa = PBXFileReference; lastKnownFileType = sourcecode.swift; path = TakeItEasyTwo.swift; sourceTree = "<group>"; };
		7D7D0CA028D0AD0F00FA8639 /* Project6Rotation.swift */ = {isa = PBXFileReference; lastKnownFileType = sourcecode.swift; path = Project6Rotation.swift; sourceTree = "<group>"; };
		7D7D0CA428D103EC00FA8639 /* ProjectDay35.swift */ = {isa = PBXFileReference; lastKnownFileType = sourcecode.swift; path = ProjectDay35.swift; sourceTree = "<group>"; };
		7D88F84A28C8BEEA00AD0848 /* WeSplit.app */ = {isa = PBXFileReference; explicitFileType = wrapper.application; includeInIndex = 0; path = WeSplit.app; sourceTree = BUILT_PRODUCTS_DIR; };
		7D88F84D28C8BEEA00AD0848 /* WeSplitApp.swift */ = {isa = PBXFileReference; lastKnownFileType = sourcecode.swift; path = WeSplitApp.swift; sourceTree = "<group>"; };
		7D88F84F28C8BEEA00AD0848 /* ProjectWeSplit.swift */ = {isa = PBXFileReference; lastKnownFileType = sourcecode.swift; path = ProjectWeSplit.swift; sourceTree = "<group>"; };
		7D88F85128C8BEEC00AD0848 /* Assets.xcassets */ = {isa = PBXFileReference; lastKnownFileType = folder.assetcatalog; path = Assets.xcassets; sourceTree = "<group>"; };
		7D88F85428C8BEEC00AD0848 /* Preview Assets.xcassets */ = {isa = PBXFileReference; lastKnownFileType = folder.assetcatalog; path = "Preview Assets.xcassets"; sourceTree = "<group>"; };
		7D8E650928D8979A0083E774 /* ObsObject.swift */ = {isa = PBXFileReference; lastKnownFileType = sourcecode.swift; path = ObsObject.swift; sourceTree = "<group>"; };
		7D8E650B28D897EB0083E774 /* FancyTimer.swift */ = {isa = PBXFileReference; lastKnownFileType = sourcecode.swift; path = FancyTimer.swift; sourceTree = "<group>"; };
		7D8E650D28D899A40083E774 /* FirsView.swift */ = {isa = PBXFileReference; lastKnownFileType = sourcecode.swift; path = FirsView.swift; sourceTree = "<group>"; };
		7D8E650F28D89A2E0083E774 /* ButtongView.swift */ = {isa = PBXFileReference; lastKnownFileType = sourcecode.swift; path = ButtongView.swift; sourceTree = "<group>"; };
		7D8E651128D89D950083E774 /* PeopleViewMVVM.swift */ = {isa = PBXFileReference; lastKnownFileType = sourcecode.swift; path = PeopleViewMVVM.swift; sourceTree = "<group>"; };
		7D8E651328D89DB30083E774 /* Person.swift */ = {isa = PBXFileReference; lastKnownFileType = sourcecode.swift; path = Person.swift; sourceTree = "<group>"; };
		7D8E651928D89EC70083E774 /* PersonViewModel.swift */ = {isa = PBXFileReference; lastKnownFileType = sourcecode.swift; path = PersonViewModel.swift; sourceTree = "<group>"; };
		7D8E651C28D8B1AB0083E774 /* ModelBootcamp.swift */ = {isa = PBXFileReference; lastKnownFileType = sourcecode.swift; path = ModelBootcamp.swift; sourceTree = "<group>"; };
		7D8E651E28D8B4C70083E774 /* UserModel.swift */ = {isa = PBXFileReference; lastKnownFileType = sourcecode.swift; path = UserModel.swift; sourceTree = "<group>"; };
		7D8E652028D8B64E0083E774 /* UserViewModel.swift */ = {isa = PBXFileReference; lastKnownFileType = sourcecode.swift; path = UserViewModel.swift; sourceTree = "<group>"; };
		7D8E652328D8D4CB0083E774 /* View.swift */ = {isa = PBXFileReference; lastKnownFileType = sourcecode.swift; path = View.swift; sourceTree = "<group>"; };
		7D8E652528D8D4E90083E774 /* Model.swift */ = {isa = PBXFileReference; lastKnownFileType = sourcecode.swift; path = Model.swift; sourceTree = "<group>"; };
		7D8E652728D8D5120083E774 /* ViewModel.swift */ = {isa = PBXFileReference; lastKnownFileType = sourcecode.swift; path = ViewModel.swift; sourceTree = "<group>"; };
		7D8E652928D911380083E774 /* ExternalViews.swift */ = {isa = PBXFileReference; lastKnownFileType = sourcecode.swift; path = ExternalViews.swift; sourceTree = "<group>"; };
		7D8E652C28D926860083E774 /* ModelAGAIN.swift */ = {isa = PBXFileReference; lastKnownFileType = sourcecode.swift; path = ModelAGAIN.swift; sourceTree = "<group>"; };
		7D8E652E28D9288E0083E774 /* ViewAGAIN.swift */ = {isa = PBXFileReference; lastKnownFileType = sourcecode.swift; path = ViewAGAIN.swift; sourceTree = "<group>"; };
		7D8E653028D928A10083E774 /* ViewModelAGAIN.swift */ = {isa = PBXFileReference; lastKnownFileType = sourcecode.swift; path = ViewModelAGAIN.swift; sourceTree = "<group>"; };
		7D8E653228D928B30083E774 /* ExtraStuffAGAIN.swift */ = {isa = PBXFileReference; lastKnownFileType = sourcecode.swift; path = ExtraStuffAGAIN.swift; sourceTree = "<group>"; };
		7DA6732A28D60CC5007EEAEA /* Parentview.swift */ = {isa = PBXFileReference; fileEncoding = 4; lastKnownFileType = sourcecode.swift; path = Parentview.swift; sourceTree = "<group>"; };
		7DA6733128D60F3C007EEAEA /* AccountView.swift */ = {isa = PBXFileReference; lastKnownFileType = sourcecode.swift; path = AccountView.swift; sourceTree = "<group>"; };
		7DA6733328D60F4A007EEAEA /* BalanceView.swift */ = {isa = PBXFileReference; lastKnownFileType = sourcecode.swift; path = BalanceView.swift; sourceTree = "<group>"; };
		7DA6733528D60F73007EEAEA /* ProfileClass.swift */ = {isa = PBXFileReference; lastKnownFileType = sourcecode.swift; path = ProfileClass.swift; sourceTree = "<group>"; };
		7DB2FE0228D5B75100919411 /* DataFlowThing.swift */ = {isa = PBXFileReference; lastKnownFileType = sourcecode.swift; path = DataFlowThing.swift; sourceTree = "<group>"; };
		7DB2FE0428D5BBA100919411 /* DataFlowHonkiFail.swift */ = {isa = PBXFileReference; lastKnownFileType = sourcecode.swift; path = DataFlowHonkiFail.swift; sourceTree = "<group>"; };
		7DB2FE0628D5C04C00919411 /* DataFlow1.swift */ = {isa = PBXFileReference; lastKnownFileType = sourcecode.swift; path = DataFlow1.swift; sourceTree = "<group>"; };
		7DB2FE0828D5F45F00919411 /* DataFlow2BINDING.swift */ = {isa = PBXFileReference; lastKnownFileType = sourcecode.swift; path = DataFlow2BINDING.swift; sourceTree = "<group>"; };
		7DB2FE0A28D5FB6C00919411 /* DataFlow3.swift */ = {isa = PBXFileReference; lastKnownFileType = sourcecode.swift; path = DataFlow3.swift; sourceTree = "<group>"; };
		7DB2FE0C28D5FF4300919411 /* ControlPanelView.swift */ = {isa = PBXFileReference; lastKnownFileType = sourcecode.swift; path = ControlPanelView.swift; sourceTree = "<group>"; };
		7DB2FE1028D603E100919411 /* Fun.swift */ = {isa = PBXFileReference; lastKnownFileType = sourcecode.swift; path = Fun.swift; sourceTree = "<group>"; };
		7DB57EFF28D7066C00E29935 /* ColorChange.swift */ = {isa = PBXFileReference; lastKnownFileType = sourcecode.swift; path = ColorChange.swift; sourceTree = "<group>"; };
		7DB8031A28CD088200111F8C /* playground.swift */ = {isa = PBXFileReference; lastKnownFileType = sourcecode.swift; path = playground.swift; sourceTree = "<group>"; };
		7DC22FFD28DE514900D72721 /* Wait.swift */ = {isa = PBXFileReference; lastKnownFileType = sourcecode.swift; path = Wait.swift; sourceTree = "<group>"; };
		7DC5D09928CA30360011E897 /* ProjectWeSplitFixPercentages.swift */ = {isa = PBXFileReference; lastKnownFileType = sourcecode.swift; path = ProjectWeSplitFixPercentages.swift; sourceTree = "<group>"; };
		7DC5D09B28CA63A60011E897 /* Project1Final.swift */ = {isa = PBXFileReference; lastKnownFileType = sourcecode.swift; path = Project1Final.swift; sourceTree = "<group>"; };
		7DE18DF328DEFB98004F9B28 /* ScrollView.swift */ = {isa = PBXFileReference; lastKnownFileType = sourcecode.swift; path = ScrollView.swift; sourceTree = "<group>"; };
		7DE18DF528DF0426004F9B28 /* CheckCheckMicCheck.swift */ = {isa = PBXFileReference; lastKnownFileType = sourcecode.swift; path = CheckCheckMicCheck.swift; sourceTree = "<group>"; };
		7DE2155328CCA6E70006BEEF /* Project3Challenge3.swift */ = {isa = PBXFileReference; lastKnownFileType = sourcecode.swift; path = Project3Challenge3.swift; sourceTree = "<group>"; };
		7DE2155528CCB6270006BEEF /* Project1-3Milestone.swift */ = {isa = PBXFileReference; lastKnownFileType = sourcecode.swift; path = "Project1-3Milestone.swift"; sourceTree = "<group>"; };
		7DED9F5428D4599500224784 /* SimleNav.swift */ = {isa = PBXFileReference; lastKnownFileType = sourcecode.swift; path = SimleNav.swift; sourceTree = "<group>"; };
		7DED9F5828D4740300224784 /* AdvancedNav.swift */ = {isa = PBXFileReference; lastKnownFileType = sourcecode.swift; path = AdvancedNav.swift; sourceTree = "<group>"; };
		7DED9F5A28D4895500224784 /* TryAdvancedNavBlind.swift */ = {isa = PBXFileReference; lastKnownFileType = sourcecode.swift; path = TryAdvancedNavBlind.swift; sourceTree = "<group>"; };
/* End PBXFileReference section */

/* Begin PBXFrameworksBuildPhase section */
		7D88F84728C8BEEA00AD0848 /* Frameworks */ = {
			isa = PBXFrameworksBuildPhase;
			buildActionMask = 2147483647;
			files = (
			);
			runOnlyForDeploymentPostprocessing = 0;
		};
/* End PBXFrameworksBuildPhase section */

/* Begin PBXGroup section */
		7D010AB228DC6B2100E8E108 /* Day36 */ = {
			isa = PBXGroup;
			children = (
				7D010AB028DC571000E8E108 /* Day36.swift */,
				7D010AB528DC6BE100E8E108 /* SecondVieww.swift */,
				7D010ABE28DC9F6E00E8E108 /* Third33View.swift */,
				7D010AB728DC892100E8E108 /* asdfoisfod.swift */,
				7D010AB928DC8B2A00E8E108 /* Day36Model.swift */,
				7D010AB328DC6B9F00E8E108 /* Day36ViewModel.swift */,
			);
			path = Day36;
			sourceTree = "<group>";
		};
		7D010ABB28DC8FF500E8E108 /* Day37-38 */ = {
			isa = PBXGroup;
			children = (
				7D010ABC28DC9EAE00E8E108 /* MainViewDay37.swift */,
				7D2022C428DD7D1C00BC0826 /* AddView.swift */,
				7D010AC028DCA33C00E8E108 /* PersonalExpense.swift */,
				7D010AC228DCA39500E8E108 /* ExpenseViewModel.swift */,
			);
			path = "Day37-38";
			sourceTree = "<group>";
		};
		7D2022C628DDA46A00BC0826 /* Day39-42 */ = {
			isa = PBXGroup;
			children = (
				7D2022C728DDA56300BC0826 /* MoonShotView.swift */,
				7DE18DF528DF0426004F9B28 /* CheckCheckMicCheck.swift */,
				7D2022D728DE311D00BC0826 /* MissionView.swift */,
				7DE18DF328DEFB98004F9B28 /* ScrollView.swift */,
				7D2022D928DE3B8B00BC0826 /* AstronautView.swift */,
				7D2022CF28DDEC0400BC0826 /* Astronaut.swift */,
				7D2022D128DDECCF00BC0826 /* Bundle-Decodable.swift */,
				7D2022D328DDF04400BC0826 /* MissionModel.swift */,
				7D2022D528DE2A3F00BC0826 /* ColorTheme.swift */,
				7D2022CC28DDEBBE00BC0826 /* astronauts.json */,
				7D2022CB28DDEBBE00BC0826 /* missions.json */,
				7D88F85128C8BEEC00AD0848 /* Assets.xcassets */,
				7D88F84D28C8BEEA00AD0848 /* WeSplitApp.swift */,
				7D2022C928DDAA4B00BC0826 /* Day39Playground.swift */,
				7D2022DB28DE447400BC0826 /* ButtonStyle.swift */,
				7DC22FFD28DE514900D72721 /* Wait.swift */,
			);
			path = "Day39-42";
			sourceTree = "<group>";
		};
		7D43A35E28DAE1E100193EE5 /* bootcamp53 */ = {
			isa = PBXGroup;
			children = (
				7D43A35F28DAE20100193EE5 /* BoardingView.swift */,
				7D43A36128DAF13F00193EE5 /* OnboardingView.swift */,
				7D010AAE28DC41BE00E8E108 /* ProfileView.swift */,
			);
			path = bootcamp53;
			sourceTree = "<group>";
		};
		7D43A36328DB082800193EE5 /* overlaybootcamp */ = {
			isa = PBXGroup;
			children = (
				7D43A36428DB083600193EE5 /* Overlay.swift */,
				7D43A36628DB08F600193EE5 /* FrameBootcamp.swift */,
				7D43A36828DB09C600193EE5 /* GradientBootcamp.swift */,
			);
			path = overlaybootcamp;
			sourceTree = "<group>";
		};
		7D5D59C328D9999C002CC7FD /* bootcamp51 */ = {
			isa = PBXGroup;
			children = (
				7D5D59C428D999C9002CC7FD /* ViewModelBootcamp.swift */,
				7D5D59CA28D9ACC6002CC7FD /* SecondScreen.swift */,
				7D5D59C628D99A47002CC7FD /* FruitModel.swift */,
				7D5D59C828D99AFD002CC7FD /* ActualVM.swift */,
			);
			path = bootcamp51;
			sourceTree = "<group>";
		};
		7D5D59CC28D9B70B002CC7FD /* bootcamp52 */ = {
			isa = PBXGroup;
			children = (
				7D5D59CD28D9B7B1002CC7FD /* EnvironmentObjectBootcamp.swift */,
				7D5D59D128D9BA88002CC7FD /* DetailView.swift */,
				7D5D59CF28D9B84A002CC7FD /* EnvironmentThing.swift */,
			);
			path = bootcamp52;
			sourceTree = "<group>";
		};
		7D5D59D328D9EE32002CC7FD /* tapGestureBootcamp */ = {
			isa = PBXGroup;
			children = (
				7D5D59D428D9EE8D002CC7FD /* TapGesture.swift */,
				7D5D59D628D9F04C002CC7FD /* tapgestures2.swift */,
			);
			path = tapGestureBootcamp;
			sourceTree = "<group>";
		};
		7D5D59D828D9F2F8002CC7FD /* appstorageBootcamp */ = {
			isa = PBXGroup;
			children = (
				7D5D59D928D9F307002CC7FD /* AppStorage.swift */,
			);
			path = appstorageBootcamp;
			sourceTree = "<group>";
		};
		7D5D59DB28D9F40A002CC7FD /* optionals */ = {
			isa = PBXGroup;
			children = (
				7D5D59DC28D9F47E002CC7FD /* ifletguardBootccamp.swift */,
			);
			path = optionals;
			sourceTree = "<group>";
		};
		7D5D59E028DA471A002CC7FD /* redoEnvironmentobj */ = {
			isa = PBXGroup;
			children = (
				7D5D59E128DA4732002CC7FD /* 1sView.swift */,
				7D5D59E328DA474E002CC7FD /* twoView.swift */,
				7D5D59E928DA4779002CC7FD /* thirdPage.swift */,
				7D5D59E528DA475A002CC7FD /* 3view.swift */,
				7D5D59E728DA4764002CC7FD /* fourView.swift */,
			);
			path = redoEnvironmentobj;
			sourceTree = "<group>";
		};
		7D5D59EB28DA50BD002CC7FD /* Edutainment?? */ = {
			isa = PBXGroup;
			children = (
				7D5D59EE28DA50E0002CC7FD /* ButtonUI.swift */,
				7D5D59F228DA57C2002CC7FD /* ButtonLook33.swift */,
				7D08B6A428DA69C9009FC19D /* ViewMaker.swift */,
				7D5D59F028DA52E8002CC7FD /* BittungeModel.swift */,
				7D5D59EC28DA50D3002CC7FD /* BittunView.swift */,
				7D08B6A628DA781C009FC19D /* problem.swift */,
			);
			path = "Edutainment??";
			sourceTree = "<group>";
		};
		7D65486F28D6692B000F5F6E /* Try2Day35 */ = {
			isa = PBXGroup;
			children = (
				7DB8031A28CD088200111F8C /* playground.swift */,
				7D65487028D669A0000F5F6E /* MainView.swift */,
				7D65487328D66ABA000F5F6E /* ButtonLook.swift */,
			);
			path = Try2Day35;
			sourceTree = "<group>";
		};
		7D65487228D669CD000F5F6E /* New Group */ = {
			isa = PBXGroup;
			children = (
				7D65486D28D65F1B000F5F6E /* SelectedButton.swift */,
				7D7D0CA428D103EC00FA8639 /* ProjectDay35.swift */,
			);
			path = "New Group";
			sourceTree = "<group>";
		};
		7D65487728D67FE2000F5F6E /* Try3Day35 */ = {
			isa = PBXGroup;
			children = (
				7D65487828D6803A000F5F6E /* TakeItEasy.swift */,
				7D65487A28D6816C000F5F6E /* TakeItEasyTwo.swift */,
				7DB57EFF28D7066C00E29935 /* ColorChange.swift */,
			);
			path = Try3Day35;
			sourceTree = "<group>";
		};
		7D88F84128C8BEEA00AD0848 = {
			isa = PBXGroup;
			children = (
				7D88F84C28C8BEEA00AD0848 /* WeSplit */,
				7D88F84B28C8BEEA00AD0848 /* Products */,
			);
			sourceTree = "<group>";
		};
		7D88F84B28C8BEEA00AD0848 /* Products */ = {
			isa = PBXGroup;
			children = (
				7D88F84A28C8BEEA00AD0848 /* WeSplit.app */,
			);
			name = Products;
			sourceTree = "<group>";
		};
		7D88F84C28C8BEEA00AD0848 /* WeSplit */ = {
			isa = PBXGroup;
			children = (
				7D9FE8BC28D35E4800A5FE1D /* Projects */,
				7D88F85328C8BEEC00AD0848 /* Preview Content */,
			);
			path = WeSplit;
			sourceTree = "<group>";
		};
		7D88F85328C8BEEC00AD0848 /* Preview Content */ = {
			isa = PBXGroup;
			children = (
				7D88F85428C8BEEC00AD0848 /* Preview Assets.xcassets */,
			);
			path = "Preview Content";
			sourceTree = "<group>";
		};
		7D8E650628D896B80083E774 /* Days36+ */ = {
			isa = PBXGroup;
			children = (
				7D2022C628DDA46A00BC0826 /* Day39-42 */,
				7D010ABB28DC8FF500E8E108 /* Day37-38 */,
				7D010AB228DC6B2100E8E108 /* Day36 */,
			);
			path = "Days36+";
			sourceTree = "<group>";
		};
		7D8E651528D89E340083E774 /* MVVM */ = {
			isa = PBXGroup;
			children = (
				7D8E651128D89D950083E774 /* PeopleViewMVVM.swift */,
				7D8E651328D89DB30083E774 /* Person.swift */,
				7D8E651928D89EC70083E774 /* PersonViewModel.swift */,
			);
			path = MVVM;
			sourceTree = "<group>";
		};
		7D8E651628D89E410083E774 /* ButtonArrayTry */ = {
			isa = PBXGroup;
			children = (
				7D8E650D28D899A40083E774 /* FirsView.swift */,
				7D8E650F28D89A2E0083E774 /* ButtongView.swift */,
			);
			path = ButtonArrayTry;
			sourceTree = "<group>";
		};
		7D8E651728D89E620083E774 /* obsobject */ = {
			isa = PBXGroup;
			children = (
				7DA6733128D60F3C007EEAEA /* AccountView.swift */,
				7DA6733328D60F4A007EEAEA /* BalanceView.swift */,
				7DA6733528D60F73007EEAEA /* ProfileClass.swift */,
			);
			path = obsobject;
			sourceTree = "<group>";
		};
		7D8E651828D89E760083E774 /* New Group */ = {
			isa = PBXGroup;
			children = (
				7D8E650928D8979A0083E774 /* ObsObject.swift */,
				7D8E650B28D897EB0083E774 /* FancyTimer.swift */,
			);
			name = "New Group";
			sourceTree = "<group>";
		};
		7D8E651B28D8B1490083E774 /* Custom MVVM */ = {
			isa = PBXGroup;
			children = (
				7D8E651C28D8B1AB0083E774 /* ModelBootcamp.swift */,
				7D8E651E28D8B4C70083E774 /* UserModel.swift */,
				7D8E652028D8B64E0083E774 /* UserViewModel.swift */,
			);
			path = "Custom MVVM";
			sourceTree = "<group>";
		};
		7D8E652228D8D49E0083E774 /* OwnMVVM */ = {
			isa = PBXGroup;
			children = (
				7D8E652328D8D4CB0083E774 /* View.swift */,
				7D8E652528D8D4E90083E774 /* Model.swift */,
				7D8E652728D8D5120083E774 /* ViewModel.swift */,
				7D8E652928D911380083E774 /* ExternalViews.swift */,
			);
			path = OwnMVVM;
			sourceTree = "<group>";
		};
		7D8E652B28D926580083E774 /* weLoveMVVM */ = {
			isa = PBXGroup;
			children = (
				7D8E652E28D9288E0083E774 /* ViewAGAIN.swift */,
				7D8E652C28D926860083E774 /* ModelAGAIN.swift */,
				7D8E653028D928A10083E774 /* ViewModelAGAIN.swift */,
				7D8E653228D928B30083E774 /* ExtraStuffAGAIN.swift */,
			);
			path = weLoveMVVM;
			sourceTree = "<group>";
		};
		7D9FE8BC28D35E4800A5FE1D /* Projects */ = {
			isa = PBXGroup;
			children = (
				7D8E650628D896B80083E774 /* Days36+ */,
				7DA6733028D60EB4007EEAEA /* Day35 */,
				7D9FE8BD28D35E6200A5FE1D /* Day26-34 */,
				7DE2155228CCA6B50006BEEF /* Day16-25 */,
			);
			path = Projects;
			sourceTree = "<group>";
		};
		7D9FE8BD28D35E6200A5FE1D /* Day26-34 */ = {
			isa = PBXGroup;
			children = (
				7D01118728CDC44B00386217 /* Project4Prep.swift */,
				7D01118928CE071600386217 /* Projekt4Final.swift */,
				7D4B5A0D28CE18AA00D23719 /* Project5Final.swift */,
				7D14F28528CFA5D200E41B7C /* Project6Prep.swift */,
				7D7D0CA028D0AD0F00FA8639 /* Project6Rotation.swift */,
				7D14F28328CF46BA00E41B7C /* start.txt */,
				7D4B5A0B28CE0EA900D23719 /* SleepCalculator.mlmodel */,
			);
			path = "Day26-34";
			sourceTree = "<group>";
		};
		7DA6732C28D60E31007EEAEA /* Navigation */ = {
			isa = PBXGroup;
			children = (
				7DED9F5428D4599500224784 /* SimleNav.swift */,
				7DED9F5828D4740300224784 /* AdvancedNav.swift */,
				7DED9F5A28D4895500224784 /* TryAdvancedNavBlind.swift */,
			);
			path = Navigation;
			sourceTree = "<group>";
		};
		7DA6732D28D60E47007EEAEA /* Simple Data */ = {
			isa = PBXGroup;
			children = (
				7DB2FE1028D603E100919411 /* Fun.swift */,
				7D2ECBE328D3B8F2001E6A39 /* smalltest.swift */,
				7DB2FE0228D5B75100919411 /* DataFlowThing.swift */,
				7DB2FE0428D5BBA100919411 /* DataFlowHonkiFail.swift */,
				7DB2FE0628D5C04C00919411 /* DataFlow1.swift */,
				7DB2FE0828D5F45F00919411 /* DataFlow2BINDING.swift */,
				7DB2FE0A28D5FB6C00919411 /* DataFlow3.swift */,
				7DA6732A28D60CC5007EEAEA /* Parentview.swift */,
				7DB2FE0C28D5FF4300919411 /* ControlPanelView.swift */,
			);
			path = "Simple Data";
			sourceTree = "<group>";
		};
		7DA6732E28D60E89007EEAEA /* Advanced Data */ = {
			isa = PBXGroup;
			children = (
				7D5D59EB28DA50BD002CC7FD /* Edutainment?? */,
				7D5D59E028DA471A002CC7FD /* redoEnvironmentobj */,
				7D5D59DB28D9F40A002CC7FD /* optionals */,
				7D5D59D828D9F2F8002CC7FD /* appstorageBootcamp */,
				7D5D59D328D9EE32002CC7FD /* tapGestureBootcamp */,
				7D8E651828D89E760083E774 /* New Group */,
				7D8E651728D89E620083E774 /* obsobject */,
				7D8E651628D89E410083E774 /* ButtonArrayTry */,
				7D8E651528D89E340083E774 /* MVVM */,
				7D8E651B28D8B1490083E774 /* Custom MVVM */,
				7D8E652228D8D49E0083E774 /* OwnMVVM */,
				7D8E652B28D926580083E774 /* weLoveMVVM */,
				7D5D59C328D9999C002CC7FD /* bootcamp51 */,
				7D5D59CC28D9B70B002CC7FD /* bootcamp52 */,
			);
			path = "Advanced Data";
			sourceTree = "<group>";
		};
		7DA6733028D60EB4007EEAEA /* Day35 */ = {
			isa = PBXGroup;
			children = (
				7D43A36328DB082800193EE5 /* overlaybootcamp */,
				7D43A35E28DAE1E100193EE5 /* bootcamp53 */,
				7D65486F28D6692B000F5F6E /* Try2Day35 */,
				7D65487228D669CD000F5F6E /* New Group */,
				7D65487728D67FE2000F5F6E /* Try3Day35 */,
				7DA6732E28D60E89007EEAEA /* Advanced Data */,
				7DA6732D28D60E47007EEAEA /* Simple Data */,
				7DA6732C28D60E31007EEAEA /* Navigation */,
			);
			path = Day35;
			sourceTree = "<group>";
		};
		7DE2155228CCA6B50006BEEF /* Day16-25 */ = {
			isa = PBXGroup;
			children = (
				7D88F84F28C8BEEA00AD0848 /* ProjectWeSplit.swift */,
				7D2662C228CA119E00FCB731 /* SecondTryBlind.swift */,
				7DC5D09928CA30360011E897 /* ProjectWeSplitFixPercentages.swift */,
				7DC5D09B28CA63A60011E897 /* Project1Final.swift */,
				7D492EFA28CB2F880058C961 /* Project2Prep.swift */,
				7D492EFC28CB6ABD0058C961 /* Project2Blind.swift */,
				7D492F0028CBA93D0058C961 /* Project2Final.swift */,
				7D492F0228CBC14A0058C961 /* Project3Prep.swift */,
				7DE2155328CCA6E70006BEEF /* Project3Challenge3.swift */,
				7DE2155528CCB6270006BEEF /* Project1-3Milestone.swift */,
			);
			path = "Day16-25";
			sourceTree = "<group>";
		};
/* End PBXGroup section */

/* Begin PBXNativeTarget section */
		7D88F84928C8BEEA00AD0848 /* WeSplit */ = {
			isa = PBXNativeTarget;
			buildConfigurationList = 7D88F85828C8BEEC00AD0848 /* Build configuration list for PBXNativeTarget "WeSplit" */;
			buildPhases = (
				7D88F84628C8BEEA00AD0848 /* Sources */,
				7D88F84728C8BEEA00AD0848 /* Frameworks */,
				7D88F84828C8BEEA00AD0848 /* Resources */,
			);
			buildRules = (
			);
			dependencies = (
			);
			name = WeSplit;
			productName = WeSplit;
			productReference = 7D88F84A28C8BEEA00AD0848 /* WeSplit.app */;
			productType = "com.apple.product-type.application";
		};
/* End PBXNativeTarget section */

/* Begin PBXProject section */
		7D88F84228C8BEEA00AD0848 /* Project object */ = {
			isa = PBXProject;
			attributes = {
				BuildIndependentTargetsInParallel = 1;
				LastSwiftUpdateCheck = 1340;
				LastUpgradeCheck = 1340;
				TargetAttributes = {
					7D88F84928C8BEEA00AD0848 = {
						CreatedOnToolsVersion = 13.4.1;
					};
				};
			};
			buildConfigurationList = 7D88F84528C8BEEA00AD0848 /* Build configuration list for PBXProject "WeSplit" */;
			compatibilityVersion = "Xcode 13.0";
			developmentRegion = en;
			hasScannedForEncodings = 0;
			knownRegions = (
				en,
				Base,
			);
			mainGroup = 7D88F84128C8BEEA00AD0848;
			productRefGroup = 7D88F84B28C8BEEA00AD0848 /* Products */;
			projectDirPath = "";
			projectRoot = "";
			targets = (
				7D88F84928C8BEEA00AD0848 /* WeSplit */,
			);
		};
/* End PBXProject section */

/* Begin PBXResourcesBuildPhase section */
		7D88F84828C8BEEA00AD0848 /* Resources */ = {
			isa = PBXResourcesBuildPhase;
			buildActionMask = 2147483647;
			files = (
				7D88F85528C8BEEC00AD0848 /* Preview Assets.xcassets in Resources */,
				7D14F28428CF46BA00E41B7C /* start.txt in Resources */,
				7D2022CD28DDEBBE00BC0826 /* missions.json in Resources */,
				7D2022CE28DDEBBE00BC0826 /* astronauts.json in Resources */,
				7D88F85228C8BEEC00AD0848 /* Assets.xcassets in Resources */,
			);
			runOnlyForDeploymentPostprocessing = 0;
		};
/* End PBXResourcesBuildPhase section */

/* Begin PBXSourcesBuildPhase section */
		7D88F84628C8BEEA00AD0848 /* Sources */ = {
			isa = PBXSourcesBuildPhase;
			buildActionMask = 2147483647;
			files = (
				7D43A36028DAE20100193EE5 /* BoardingView.swift in Sources */,
				7D8E652428D8D4CB0083E774 /* View.swift in Sources */,
				7DE18DF628DF0426004F9B28 /* CheckCheckMicCheck.swift in Sources */,
				7D010ABD28DC9EAE00E8E108 /* MainViewDay37.swift in Sources */,
				7DE2155428CCA6E70006BEEF /* Project3Challenge3.swift in Sources */,
				7D5D59CB28D9ACC6002CC7FD /* SecondScreen.swift in Sources */,
				7D65487128D669A1000F5F6E /* MainView.swift in Sources */,
				7D4B5A0C28CE0EA900D23719 /* SleepCalculator.mlmodel in Sources */,
				7D5D59E428DA474E002CC7FD /* twoView.swift in Sources */,
				7D8E651A28D89EC70083E774 /* PersonViewModel.swift in Sources */,
				7D5D59DA28D9F307002CC7FD /* AppStorage.swift in Sources */,
				7D5D59ED28DA50D3002CC7FD /* BittunView.swift in Sources */,
				7D2022CA28DDAA4B00BC0826 /* Day39Playground.swift in Sources */,
				7DC22FFE28DE514A00D72721 /* Wait.swift in Sources */,
				7D8E652A28D911380083E774 /* ExternalViews.swift in Sources */,
				7D492F0328CBC14A0058C961 /* Project3Prep.swift in Sources */,
				7DC5D09C28CA63A60011E897 /* Project1Final.swift in Sources */,
				7D2662C328CA119E00FCB731 /* SecondTryBlind.swift in Sources */,
				7D010ABF28DC9F6E00E8E108 /* Third33View.swift in Sources */,
				7D8E651F28D8B4C70083E774 /* UserModel.swift in Sources */,
				7D5D59DD28D9F47E002CC7FD /* ifletguardBootccamp.swift in Sources */,
				7D8E652828D8D5120083E774 /* ViewModel.swift in Sources */,
				7D5D59C928D99AFD002CC7FD /* ActualVM.swift in Sources */,
				7D5D59E228DA4732002CC7FD /* 1sView.swift in Sources */,
				7D65486E28D65F1C000F5F6E /* SelectedButton.swift in Sources */,
				7D8E650E28D899A40083E774 /* FirsView.swift in Sources */,
				7D8E651028D89A2E0083E774 /* ButtongView.swift in Sources */,
				7DB2FE0928D5F45F00919411 /* DataFlow2BINDING.swift in Sources */,
				7D8E650A28D8979A0083E774 /* ObsObject.swift in Sources */,
				7D2022D228DDECCF00BC0826 /* Bundle-Decodable.swift in Sources */,
				7D7D0CA128D0AD0F00FA8639 /* Project6Rotation.swift in Sources */,
				7D8E653328D928B30083E774 /* ExtraStuffAGAIN.swift in Sources */,
				7D010AB428DC6B9F00E8E108 /* Day36ViewModel.swift in Sources */,
				7DA6732B28D60CC5007EEAEA /* Parentview.swift in Sources */,
				7DED9F5928D4740300224784 /* AdvancedNav.swift in Sources */,
				7D65487428D66ABA000F5F6E /* ButtonLook.swift in Sources */,
				7DB8031B28CD088200111F8C /* playground.swift in Sources */,
				7D5D59E628DA475A002CC7FD /* 3view.swift in Sources */,
				7D010ABA28DC8B2A00E8E108 /* Day36Model.swift in Sources */,
				7D5D59EA28DA4779002CC7FD /* thirdPage.swift in Sources */,
				7DA6733628D60F73007EEAEA /* ProfileClass.swift in Sources */,
				7D5D59D728D9F04C002CC7FD /* tapgestures2.swift in Sources */,
				7D4B5A0E28CE18AA00D23719 /* Project5Final.swift in Sources */,
				7DE18DF428DEFB98004F9B28 /* ScrollView.swift in Sources */,
				7D5D59CE28D9B7B1002CC7FD /* EnvironmentObjectBootcamp.swift in Sources */,
				7D5D59F328DA57C2002CC7FD /* ButtonLook33.swift in Sources */,
				7D43A36728DB08F600193EE5 /* FrameBootcamp.swift in Sources */,
				7D01118A28CE071600386217 /* Projekt4Final.swift in Sources */,
				7D010AAF28DC41BE00E8E108 /* ProfileView.swift in Sources */,
				7D2022D028DDEC0400BC0826 /* Astronaut.swift in Sources */,
				7D2022C528DD7D1C00BC0826 /* AddView.swift in Sources */,
				7D2022DC28DE447400BC0826 /* ButtonStyle.swift in Sources */,
				7D8E651D28D8B1AB0083E774 /* ModelBootcamp.swift in Sources */,
				7DB2FE0B28D5FB6C00919411 /* DataFlow3.swift in Sources */,
				7DB2FE0328D5B75100919411 /* DataFlowThing.swift in Sources */,
				7D2022D628DE2A3F00BC0826 /* ColorTheme.swift in Sources */,
				7D5D59E828DA4764002CC7FD /* fourView.swift in Sources */,
				7D5D59C728D99A47002CC7FD /* FruitModel.swift in Sources */,
				7D2ECBE428D3B8F2001E6A39 /* smalltest.swift in Sources */,
				7D7D0CA528D103EC00FA8639 /* ProjectDay35.swift in Sources */,
				7D43A36528DB083600193EE5 /* Overlay.swift in Sources */,
				7D8E651428D89DB30083E774 /* Person.swift in Sources */,
				7DB2FE0728D5C04C00919411 /* DataFlow1.swift in Sources */,
				7D5D59D528D9EE8D002CC7FD /* TapGesture.swift in Sources */,
				7D8E650C28D897EB0083E774 /* FancyTimer.swift in Sources */,
				7D010AB128DC571000E8E108 /* Day36.swift in Sources */,
				7D88F85028C8BEEA00AD0848 /* ProjectWeSplit.swift in Sources */,
				7D010AC328DCA39500E8E108 /* ExpenseViewModel.swift in Sources */,
				7D010AC128DCA33C00E8E108 /* PersonalExpense.swift in Sources */,
				7D8E652128D8B64E0083E774 /* UserViewModel.swift in Sources */,
				7D492F0128CBA93D0058C961 /* Project2Final.swift in Sources */,
				7D010AB828DC892100E8E108 /* asdfoisfod.swift in Sources */,
				7DB2FE1128D603E100919411 /* Fun.swift in Sources */,
				7D8E652D28D926860083E774 /* ModelAGAIN.swift in Sources */,
				7DA6733228D60F3C007EEAEA /* AccountView.swift in Sources */,
				7D88F84E28C8BEEA00AD0848 /* WeSplitApp.swift in Sources */,
				7DB2FE0D28D5FF4300919411 /* ControlPanelView.swift in Sources */,
				7DE2155628CCB6270006BEEF /* Project1-3Milestone.swift in Sources */,
				7D2022DA28DE3B8B00BC0826 /* AstronautView.swift in Sources */,
				7D5D59C528D999C9002CC7FD /* ViewModelBootcamp.swift in Sources */,
				7DA6733428D60F4A007EEAEA /* BalanceView.swift in Sources */,
				7D5D59D228D9BA88002CC7FD /* DetailView.swift in Sources */,
				7D2022C828DDA56300BC0826 /* MoonShotView.swift in Sources */,
				7D8E653128D928A10083E774 /* ViewModelAGAIN.swift in Sources */,
				7D14F28628CFA5D200E41B7C /* Project6Prep.swift in Sources */,
				7D8E652628D8D4E90083E774 /* Model.swift in Sources */,
				7D8E651228D89D950083E774 /* PeopleViewMVVM.swift in Sources */,
				7D43A36928DB09C600193EE5 /* GradientBootcamp.swift in Sources */,
				7D08B6A728DA781C009FC19D /* problem.swift in Sources */,
				7D5D59D028D9B84A002CC7FD /* EnvironmentThing.swift in Sources */,
				7D2022D428DDF04400BC0826 /* MissionModel.swift in Sources */,
				7D492EFD28CB6ABD0058C961 /* Project2Blind.swift in Sources */,
				7DC5D09A28CA30360011E897 /* ProjectWeSplitFixPercentages.swift in Sources */,
				7D492EFB28CB2F880058C961 /* Project2Prep.swift in Sources */,
				7D2022D828DE311D00BC0826 /* MissionView.swift in Sources */,
				7D08B6A528DA69C9009FC19D /* ViewMaker.swift in Sources */,
				7DB57F0028D7066C00E29935 /* ColorChange.swift in Sources */,
				7DED9F5528D4599500224784 /* SimleNav.swift in Sources */,
				7D8E652F28D9288E0083E774 /* ViewAGAIN.swift in Sources */,
				7D010AB628DC6BE100E8E108 /* SecondVieww.swift in Sources */,
				7DB2FE0528D5BBA100919411 /* DataFlowHonkiFail.swift in Sources */,
				7D65487928D6803A000F5F6E /* TakeItEasy.swift in Sources */,
				7D5D59EF28DA50E0002CC7FD /* ButtonUI.swift in Sources */,
				7DED9F5B28D4895500224784 /* TryAdvancedNavBlind.swift in Sources */,
				7D5D59F128DA52E8002CC7FD /* BittungeModel.swift in Sources */,
				7D65487B28D6816C000F5F6E /* TakeItEasyTwo.swift in Sources */,
				7D43A36228DAF13F00193EE5 /* OnboardingView.swift in Sources */,
				7D01118828CDC44B00386217 /* Project4Prep.swift in Sources */,
			);
			runOnlyForDeploymentPostprocessing = 0;
		};
/* End PBXSourcesBuildPhase section */

/* Begin XCBuildConfiguration section */
		7D88F85628C8BEEC00AD0848 /* Debug */ = {
			isa = XCBuildConfiguration;
			buildSettings = {
				ALWAYS_SEARCH_USER_PATHS = NO;
				CLANG_ANALYZER_NONNULL = YES;
				CLANG_ANALYZER_NUMBER_OBJECT_CONVERSION = YES_AGGRESSIVE;
				CLANG_CXX_LANGUAGE_STANDARD = "gnu++17";
				CLANG_ENABLE_MODULES = YES;
				CLANG_ENABLE_OBJC_ARC = YES;
				CLANG_ENABLE_OBJC_WEAK = YES;
				CLANG_WARN_BLOCK_CAPTURE_AUTORELEASING = YES;
				CLANG_WARN_BOOL_CONVERSION = YES;
				CLANG_WARN_COMMA = YES;
				CLANG_WARN_CONSTANT_CONVERSION = YES;
				CLANG_WARN_DEPRECATED_OBJC_IMPLEMENTATIONS = YES;
				CLANG_WARN_DIRECT_OBJC_ISA_USAGE = YES_ERROR;
				CLANG_WARN_DOCUMENTATION_COMMENTS = YES;
				CLANG_WARN_EMPTY_BODY = YES;
				CLANG_WARN_ENUM_CONVERSION = YES;
				CLANG_WARN_INFINITE_RECURSION = YES;
				CLANG_WARN_INT_CONVERSION = YES;
				CLANG_WARN_NON_LITERAL_NULL_CONVERSION = YES;
				CLANG_WARN_OBJC_IMPLICIT_RETAIN_SELF = YES;
				CLANG_WARN_OBJC_LITERAL_CONVERSION = YES;
				CLANG_WARN_OBJC_ROOT_CLASS = YES_ERROR;
				CLANG_WARN_QUOTED_INCLUDE_IN_FRAMEWORK_HEADER = YES;
				CLANG_WARN_RANGE_LOOP_ANALYSIS = YES;
				CLANG_WARN_STRICT_PROTOTYPES = YES;
				CLANG_WARN_SUSPICIOUS_MOVE = YES;
				CLANG_WARN_UNGUARDED_AVAILABILITY = YES_AGGRESSIVE;
				CLANG_WARN_UNREACHABLE_CODE = YES;
				CLANG_WARN__DUPLICATE_METHOD_MATCH = YES;
				COPY_PHASE_STRIP = NO;
				DEBUG_INFORMATION_FORMAT = dwarf;
				ENABLE_STRICT_OBJC_MSGSEND = YES;
				ENABLE_TESTABILITY = YES;
				GCC_C_LANGUAGE_STANDARD = gnu11;
				GCC_DYNAMIC_NO_PIC = NO;
				GCC_NO_COMMON_BLOCKS = YES;
				GCC_OPTIMIZATION_LEVEL = 0;
				GCC_PREPROCESSOR_DEFINITIONS = (
					"DEBUG=1",
					"$(inherited)",
				);
				GCC_WARN_64_TO_32_BIT_CONVERSION = YES;
				GCC_WARN_ABOUT_RETURN_TYPE = YES_ERROR;
				GCC_WARN_UNDECLARED_SELECTOR = YES;
				GCC_WARN_UNINITIALIZED_AUTOS = YES_AGGRESSIVE;
				GCC_WARN_UNUSED_FUNCTION = YES;
				GCC_WARN_UNUSED_VARIABLE = YES;
				IPHONEOS_DEPLOYMENT_TARGET = 15.5;
				MTL_ENABLE_DEBUG_INFO = INCLUDE_SOURCE;
				MTL_FAST_MATH = YES;
				ONLY_ACTIVE_ARCH = YES;
				SDKROOT = iphoneos;
				SWIFT_ACTIVE_COMPILATION_CONDITIONS = DEBUG;
				SWIFT_OPTIMIZATION_LEVEL = "-Onone";
			};
			name = Debug;
		};
		7D88F85728C8BEEC00AD0848 /* Release */ = {
			isa = XCBuildConfiguration;
			buildSettings = {
				ALWAYS_SEARCH_USER_PATHS = NO;
				CLANG_ANALYZER_NONNULL = YES;
				CLANG_ANALYZER_NUMBER_OBJECT_CONVERSION = YES_AGGRESSIVE;
				CLANG_CXX_LANGUAGE_STANDARD = "gnu++17";
				CLANG_ENABLE_MODULES = YES;
				CLANG_ENABLE_OBJC_ARC = YES;
				CLANG_ENABLE_OBJC_WEAK = YES;
				CLANG_WARN_BLOCK_CAPTURE_AUTORELEASING = YES;
				CLANG_WARN_BOOL_CONVERSION = YES;
				CLANG_WARN_COMMA = YES;
				CLANG_WARN_CONSTANT_CONVERSION = YES;
				CLANG_WARN_DEPRECATED_OBJC_IMPLEMENTATIONS = YES;
				CLANG_WARN_DIRECT_OBJC_ISA_USAGE = YES_ERROR;
				CLANG_WARN_DOCUMENTATION_COMMENTS = YES;
				CLANG_WARN_EMPTY_BODY = YES;
				CLANG_WARN_ENUM_CONVERSION = YES;
				CLANG_WARN_INFINITE_RECURSION = YES;
				CLANG_WARN_INT_CONVERSION = YES;
				CLANG_WARN_NON_LITERAL_NULL_CONVERSION = YES;
				CLANG_WARN_OBJC_IMPLICIT_RETAIN_SELF = YES;
				CLANG_WARN_OBJC_LITERAL_CONVERSION = YES;
				CLANG_WARN_OBJC_ROOT_CLASS = YES_ERROR;
				CLANG_WARN_QUOTED_INCLUDE_IN_FRAMEWORK_HEADER = YES;
				CLANG_WARN_RANGE_LOOP_ANALYSIS = YES;
				CLANG_WARN_STRICT_PROTOTYPES = YES;
				CLANG_WARN_SUSPICIOUS_MOVE = YES;
				CLANG_WARN_UNGUARDED_AVAILABILITY = YES_AGGRESSIVE;
				CLANG_WARN_UNREACHABLE_CODE = YES;
				CLANG_WARN__DUPLICATE_METHOD_MATCH = YES;
				COPY_PHASE_STRIP = NO;
				DEBUG_INFORMATION_FORMAT = "dwarf-with-dsym";
				ENABLE_NS_ASSERTIONS = NO;
				ENABLE_STRICT_OBJC_MSGSEND = YES;
				GCC_C_LANGUAGE_STANDARD = gnu11;
				GCC_NO_COMMON_BLOCKS = YES;
				GCC_WARN_64_TO_32_BIT_CONVERSION = YES;
				GCC_WARN_ABOUT_RETURN_TYPE = YES_ERROR;
				GCC_WARN_UNDECLARED_SELECTOR = YES;
				GCC_WARN_UNINITIALIZED_AUTOS = YES_AGGRESSIVE;
				GCC_WARN_UNUSED_FUNCTION = YES;
				GCC_WARN_UNUSED_VARIABLE = YES;
				IPHONEOS_DEPLOYMENT_TARGET = 15.5;
				MTL_ENABLE_DEBUG_INFO = NO;
				MTL_FAST_MATH = YES;
				SDKROOT = iphoneos;
				SWIFT_COMPILATION_MODE = wholemodule;
				SWIFT_OPTIMIZATION_LEVEL = "-O";
				VALIDATE_PRODUCT = YES;
			};
			name = Release;
		};
		7D88F85928C8BEEC00AD0848 /* Debug */ = {
			isa = XCBuildConfiguration;
			buildSettings = {
				ASSETCATALOG_COMPILER_APPICON_NAME = AppIcon;
				ASSETCATALOG_COMPILER_GLOBAL_ACCENT_COLOR_NAME = AccentColor;
				CODE_SIGN_STYLE = Automatic;
				CURRENT_PROJECT_VERSION = 1;
				DEVELOPMENT_ASSET_PATHS = "\"WeSplit/Preview Content\"";
				ENABLE_PREVIEWS = YES;
				GENERATE_INFOPLIST_FILE = YES;
				INFOPLIST_KEY_UIApplicationSceneManifest_Generation = YES;
				INFOPLIST_KEY_UIApplicationSupportsIndirectInputEvents = YES;
				INFOPLIST_KEY_UILaunchScreen_Generation = YES;
				INFOPLIST_KEY_UISupportedInterfaceOrientations_iPad = "UIInterfaceOrientationPortrait UIInterfaceOrientationPortraitUpsideDown UIInterfaceOrientationLandscapeLeft UIInterfaceOrientationLandscapeRight";
				INFOPLIST_KEY_UISupportedInterfaceOrientations_iPhone = "UIInterfaceOrientationPortrait UIInterfaceOrientationLandscapeLeft UIInterfaceOrientationLandscapeRight";
				IPHONEOS_DEPLOYMENT_TARGET = 16.0;
				LD_RUNPATH_SEARCH_PATHS = (
					"$(inherited)",
					"@executable_path/Frameworks",
				);
				MARKETING_VERSION = 1.0;
				PRODUCT_BUNDLE_IDENTIFIER = w.WeSplit;
				PRODUCT_NAME = "$(TARGET_NAME)";
				SWIFT_EMIT_LOC_STRINGS = YES;
				SWIFT_VERSION = 5.0;
				TARGETED_DEVICE_FAMILY = "1,2";
			};
			name = Debug;
		};
		7D88F85A28C8BEEC00AD0848 /* Release */ = {
			isa = XCBuildConfiguration;
			buildSettings = {
				ASSETCATALOG_COMPILER_APPICON_NAME = AppIcon;
				ASSETCATALOG_COMPILER_GLOBAL_ACCENT_COLOR_NAME = AccentColor;
				CODE_SIGN_STYLE = Automatic;
				CURRENT_PROJECT_VERSION = 1;
				DEVELOPMENT_ASSET_PATHS = "\"WeSplit/Preview Content\"";
				ENABLE_PREVIEWS = YES;
				GENERATE_INFOPLIST_FILE = YES;
				INFOPLIST_KEY_UIApplicationSceneManifest_Generation = YES;
				INFOPLIST_KEY_UIApplicationSupportsIndirectInputEvents = YES;
				INFOPLIST_KEY_UILaunchScreen_Generation = YES;
				INFOPLIST_KEY_UISupportedInterfaceOrientations_iPad = "UIInterfaceOrientationPortrait UIInterfaceOrientationPortraitUpsideDown UIInterfaceOrientationLandscapeLeft UIInterfaceOrientationLandscapeRight";
				INFOPLIST_KEY_UISupportedInterfaceOrientations_iPhone = "UIInterfaceOrientationPortrait UIInterfaceOrientationLandscapeLeft UIInterfaceOrientationLandscapeRight";
				IPHONEOS_DEPLOYMENT_TARGET = 16.0;
				LD_RUNPATH_SEARCH_PATHS = (
					"$(inherited)",
					"@executable_path/Frameworks",
				);
				MARKETING_VERSION = 1.0;
				PRODUCT_BUNDLE_IDENTIFIER = w.WeSplit;
				PRODUCT_NAME = "$(TARGET_NAME)";
				SWIFT_EMIT_LOC_STRINGS = YES;
				SWIFT_VERSION = 5.0;
				TARGETED_DEVICE_FAMILY = "1,2";
			};
			name = Release;
		};
/* End XCBuildConfiguration section */

/* Begin XCConfigurationList section */
		7D88F84528C8BEEA00AD0848 /* Build configuration list for PBXProject "WeSplit" */ = {
			isa = XCConfigurationList;
			buildConfigurations = (
				7D88F85628C8BEEC00AD0848 /* Debug */,
				7D88F85728C8BEEC00AD0848 /* Release */,
			);
			defaultConfigurationIsVisible = 0;
			defaultConfigurationName = Release;
		};
		7D88F85828C8BEEC00AD0848 /* Build configuration list for PBXNativeTarget "WeSplit" */ = {
			isa = XCConfigurationList;
			buildConfigurations = (
				7D88F85928C8BEEC00AD0848 /* Debug */,
				7D88F85A28C8BEEC00AD0848 /* Release */,
			);
			defaultConfigurationIsVisible = 0;
			defaultConfigurationName = Release;
		};
/* End XCConfigurationList section */
	};
	rootObject = 7D88F84228C8BEEA00AD0848 /* Project object */;
}
