// !$*UTF8*$!
{
	archiveVersion = 1;
	classes = {
	};
	objectVersion = 56;
	objects = {

/* Begin PBXBuildFile section */
		7D0358D728E0D46500E684BC /* JSONFun.swift in Sources */ = {isa = PBXBuildFile; fileRef = 7D0358D628E0D46500E684BC /* JSONFun.swift */; };
		7D0358D928E0D57800E684BC /* example.json in Resources */ = {isa = PBXBuildFile; fileRef = 7D0358D828E0D57800E684BC /* example.json */; };
		7D0358DB28E0D5CC00E684BC /* JsonModel.swift in Sources */ = {isa = PBXBuildFile; fileRef = 7D0358DA28E0D5CC00E684BC /* JsonModel.swift */; };
		7D0358DD28E0DA2800E684BC /* PersonDetailView.swift in Sources */ = {isa = PBXBuildFile; fileRef = 7D0358DC28E0DA2800E684BC /* PersonDetailView.swift */; };
		7D16D66C28E0E38A0003C0D4 /* MyBundle.swift in Sources */ = {isa = PBXBuildFile; fileRef = 7D16D66B28E0E38A0003C0D4 /* MyBundle.swift */; };
		7D16D66F28E0E3D60003C0D4 /* DrawingPaths.swift in Sources */ = {isa = PBXBuildFile; fileRef = 7D16D66E28E0E3D60003C0D4 /* DrawingPaths.swift */; };
		7D52359D28E04806006DA394 /* FramesDames.swift in Sources */ = {isa = PBXBuildFile; fileRef = 7D52359C28E04806006DA394 /* FramesDames.swift */; };
		7D5235A028E04D4F006DA394 /* EnvrmView.swift in Sources */ = {isa = PBXBuildFile; fileRef = 7D52359F28E04D4F006DA394 /* EnvrmView.swift */; };
		7D5235A228E04D5D006DA394 /* EnvrmModel.swift in Sources */ = {isa = PBXBuildFile; fileRef = 7D5235A128E04D5D006DA394 /* EnvrmModel.swift */; };
		7D5235A428E04D6C006DA394 /* EnvrmVM.swift in Sources */ = {isa = PBXBuildFile; fileRef = 7D5235A328E04D6C006DA394 /* EnvrmVM.swift */; };
		7D5235A628E096CC006DA394 /* JustAnotherView.swift in Sources */ = {isa = PBXBuildFile; fileRef = 7D5235A528E096CC006DA394 /* JustAnotherView.swift */; };
		7D8DB4A928E2072A003E8B6D /* MoarDrawing.swift in Sources */ = {isa = PBXBuildFile; fileRef = 7D8DB4A828E2072A003E8B6D /* MoarDrawing.swift */; };
		7D96EF8028DF87FD00174732 /* DrawingApp.swift in Sources */ = {isa = PBXBuildFile; fileRef = 7D96EF7F28DF87FD00174732 /* DrawingApp.swift */; };
		7D96EF8228DF87FD00174732 /* ContentView.swift in Sources */ = {isa = PBXBuildFile; fileRef = 7D96EF8128DF87FD00174732 /* ContentView.swift */; };
		7D96EF8428DF87FE00174732 /* Assets.xcassets in Resources */ = {isa = PBXBuildFile; fileRef = 7D96EF8328DF87FE00174732 /* Assets.xcassets */; };
		7D96EF8728DF87FE00174732 /* Preview Assets.xcassets in Resources */ = {isa = PBXBuildFile; fileRef = 7D96EF8628DF87FE00174732 /* Preview Assets.xcassets */; };
		7DA1D19128E1B00F0076204A /* MoreDrawing.swift in Sources */ = {isa = PBXBuildFile; fileRef = 7DA1D19028E1B00F0076204A /* MoreDrawing.swift */; };
		7DA1D19328E1BB390076204A /* ColorCycle.swift in Sources */ = {isa = PBXBuildFile; fileRef = 7DA1D19228E1BB390076204A /* ColorCycle.swift */; };
		7DA1D19528E1BE590076204A /* MultiplyBlend.swift in Sources */ = {isa = PBXBuildFile; fileRef = 7DA1D19428E1BE590076204A /* MultiplyBlend.swift */; };
		7DA1D19728E1C2270076204A /* Animate.swift in Sources */ = {isa = PBXBuildFile; fileRef = 7DA1D19628E1C2270076204A /* Animate.swift */; };
		7DA1D19928E1C4880076204A /* Checkerboard.swift in Sources */ = {isa = PBXBuildFile; fileRef = 7DA1D19828E1C4880076204A /* Checkerboard.swift */; };
		7DA1D19B28E1C5670076204A /* SpineView.swift in Sources */ = {isa = PBXBuildFile; fileRef = 7DA1D19A28E1C5670076204A /* SpineView.swift */; };
		7DB26FEF28E18564007EC518 /* DrawingShapes.swift in Sources */ = {isa = PBXBuildFile; fileRef = 7DB26FEE28E18564007EC518 /* DrawingShapes.swift */; };
		7DB26FF128E1A6F4007EC518 /* PiPath.swift in Sources */ = {isa = PBXBuildFile; fileRef = 7DB26FF028E1A6F4007EC518 /* PiPath.swift */; };
/* End PBXBuildFile section */

/* Begin PBXFileReference section */
		7D0358D628E0D46500E684BC /* JSONFun.swift */ = {isa = PBXFileReference; lastKnownFileType = sourcecode.swift; path = JSONFun.swift; sourceTree = "<group>"; };
		7D0358D828E0D57800E684BC /* example.json */ = {isa = PBXFileReference; fileEncoding = 4; lastKnownFileType = text.json; path = example.json; sourceTree = "<group>"; };
		7D0358DA28E0D5CC00E684BC /* JsonModel.swift */ = {isa = PBXFileReference; lastKnownFileType = sourcecode.swift; path = JsonModel.swift; sourceTree = "<group>"; };
		7D0358DC28E0DA2800E684BC /* PersonDetailView.swift */ = {isa = PBXFileReference; lastKnownFileType = sourcecode.swift; path = PersonDetailView.swift; sourceTree = "<group>"; };
		7D16D66B28E0E38A0003C0D4 /* MyBundle.swift */ = {isa = PBXFileReference; lastKnownFileType = sourcecode.swift; path = MyBundle.swift; sourceTree = "<group>"; };
		7D16D66E28E0E3D60003C0D4 /* DrawingPaths.swift */ = {isa = PBXFileReference; lastKnownFileType = sourcecode.swift; path = DrawingPaths.swift; sourceTree = "<group>"; };
		7D52359C28E04806006DA394 /* FramesDames.swift */ = {isa = PBXFileReference; lastKnownFileType = sourcecode.swift; path = FramesDames.swift; sourceTree = "<group>"; };
		7D52359F28E04D4F006DA394 /* EnvrmView.swift */ = {isa = PBXFileReference; lastKnownFileType = sourcecode.swift; path = EnvrmView.swift; sourceTree = "<group>"; };
		7D5235A128E04D5D006DA394 /* EnvrmModel.swift */ = {isa = PBXFileReference; lastKnownFileType = sourcecode.swift; path = EnvrmModel.swift; sourceTree = "<group>"; };
		7D5235A328E04D6C006DA394 /* EnvrmVM.swift */ = {isa = PBXFileReference; lastKnownFileType = sourcecode.swift; path = EnvrmVM.swift; sourceTree = "<group>"; };
		7D5235A528E096CC006DA394 /* JustAnotherView.swift */ = {isa = PBXFileReference; lastKnownFileType = sourcecode.swift; path = JustAnotherView.swift; sourceTree = "<group>"; };
		7D8DB4A828E2072A003E8B6D /* MoarDrawing.swift */ = {isa = PBXFileReference; lastKnownFileType = sourcecode.swift; path = MoarDrawing.swift; sourceTree = "<group>"; };
		7D96EF7C28DF87FD00174732 /* Drawing.app */ = {isa = PBXFileReference; explicitFileType = wrapper.application; includeInIndex = 0; path = Drawing.app; sourceTree = BUILT_PRODUCTS_DIR; };
		7D96EF7F28DF87FD00174732 /* DrawingApp.swift */ = {isa = PBXFileReference; lastKnownFileType = sourcecode.swift; path = DrawingApp.swift; sourceTree = "<group>"; };
		7D96EF8128DF87FD00174732 /* ContentView.swift */ = {isa = PBXFileReference; lastKnownFileType = sourcecode.swift; path = ContentView.swift; sourceTree = "<group>"; };
		7D96EF8328DF87FE00174732 /* Assets.xcassets */ = {isa = PBXFileReference; lastKnownFileType = folder.assetcatalog; path = Assets.xcassets; sourceTree = "<group>"; };
		7D96EF8628DF87FE00174732 /* Preview Assets.xcassets */ = {isa = PBXFileReference; lastKnownFileType = folder.assetcatalog; path = "Preview Assets.xcassets"; sourceTree = "<group>"; };
		7DA1D19028E1B00F0076204A /* MoreDrawing.swift */ = {isa = PBXFileReference; lastKnownFileType = sourcecode.swift; path = MoreDrawing.swift; sourceTree = "<group>"; };
		7DA1D19228E1BB390076204A /* ColorCycle.swift */ = {isa = PBXFileReference; lastKnownFileType = sourcecode.swift; path = ColorCycle.swift; sourceTree = "<group>"; };
		7DA1D19428E1BE590076204A /* MultiplyBlend.swift */ = {isa = PBXFileReference; lastKnownFileType = sourcecode.swift; path = MultiplyBlend.swift; sourceTree = "<group>"; };
		7DA1D19628E1C2270076204A /* Animate.swift */ = {isa = PBXFileReference; lastKnownFileType = sourcecode.swift; path = Animate.swift; sourceTree = "<group>"; };
		7DA1D19828E1C4880076204A /* Checkerboard.swift */ = {isa = PBXFileReference; lastKnownFileType = sourcecode.swift; path = Checkerboard.swift; sourceTree = "<group>"; };
		7DA1D19A28E1C5670076204A /* SpineView.swift */ = {isa = PBXFileReference; lastKnownFileType = sourcecode.swift; path = SpineView.swift; sourceTree = "<group>"; };
		7DB26FEE28E18564007EC518 /* DrawingShapes.swift */ = {isa = PBXFileReference; lastKnownFileType = sourcecode.swift; path = DrawingShapes.swift; sourceTree = "<group>"; };
		7DB26FF028E1A6F4007EC518 /* PiPath.swift */ = {isa = PBXFileReference; lastKnownFileType = sourcecode.swift; path = PiPath.swift; sourceTree = "<group>"; };
/* End PBXFileReference section */

/* Begin PBXFrameworksBuildPhase section */
		7D96EF7928DF87FD00174732 /* Frameworks */ = {
			isa = PBXFrameworksBuildPhase;
			buildActionMask = 2147483647;
			files = (
			);
			runOnlyForDeploymentPostprocessing = 0;
		};
/* End PBXFrameworksBuildPhase section */

/* Begin PBXGroup section */
		7D16D66D28E0E39F0003C0D4 /* useless 3 */ = {
			isa = PBXGroup;
			children = (
				7D0358D628E0D46500E684BC /* JSONFun.swift */,
				7D0358DC28E0DA2800E684BC /* PersonDetailView.swift */,
				7D0358DA28E0D5CC00E684BC /* JsonModel.swift */,
				7D16D66B28E0E38A0003C0D4 /* MyBundle.swift */,
				7D0358D828E0D57800E684BC /* example.json */,
			);
			path = "useless 3";
			sourceTree = "<group>";
		};
		7D52359E28E04D2D006DA394 /* useless */ = {
			isa = PBXGroup;
			children = (
				7D52359F28E04D4F006DA394 /* EnvrmView.swift */,
				7D5235A528E096CC006DA394 /* JustAnotherView.swift */,
				7D5235A128E04D5D006DA394 /* EnvrmModel.swift */,
				7D5235A328E04D6C006DA394 /* EnvrmVM.swift */,
			);
			path = useless;
			sourceTree = "<group>";
		};
		7D5235A728E0A2C0006DA394 /* useless2 */ = {
			isa = PBXGroup;
			children = (
				7D96EF8128DF87FD00174732 /* ContentView.swift */,
				7D52359C28E04806006DA394 /* FramesDames.swift */,
			);
			path = useless2;
			sourceTree = "<group>";
		};
		7D96EF7328DF87FD00174732 = {
			isa = PBXGroup;
			children = (
				7D96EF7E28DF87FD00174732 /* Drawing */,
				7D96EF7D28DF87FD00174732 /* Products */,
			);
			sourceTree = "<group>";
		};
		7D96EF7D28DF87FD00174732 /* Products */ = {
			isa = PBXGroup;
			children = (
				7D96EF7C28DF87FD00174732 /* Drawing.app */,
			);
			name = Products;
			sourceTree = "<group>";
		};
		7D96EF7E28DF87FD00174732 /* Drawing */ = {
			isa = PBXGroup;
			children = (
				7D16D66E28E0E3D60003C0D4 /* DrawingPaths.swift */,
				7D8DB4A828E2072A003E8B6D /* MoarDrawing.swift */,
				7DB26FEE28E18564007EC518 /* DrawingShapes.swift */,
				7DB26FF028E1A6F4007EC518 /* PiPath.swift */,
				7DA1D19028E1B00F0076204A /* MoreDrawing.swift */,
				7DA1D19228E1BB390076204A /* ColorCycle.swift */,
				7DA1D19428E1BE590076204A /* MultiplyBlend.swift */,
				7DA1D19628E1C2270076204A /* Animate.swift */,
				7DA1D19828E1C4880076204A /* Checkerboard.swift */,
				7DA1D19A28E1C5670076204A /* SpineView.swift */,
				7D16D66D28E0E39F0003C0D4 /* useless 3 */,
				7D5235A728E0A2C0006DA394 /* useless2 */,
				7D52359E28E04D2D006DA394 /* useless */,
				7D96EF8328DF87FE00174732 /* Assets.xcassets */,
				7D96EF7F28DF87FD00174732 /* DrawingApp.swift */,
				7D96EF8528DF87FE00174732 /* Preview Content */,
			);
			path = Drawing;
			sourceTree = "<group>";
		};
		7D96EF8528DF87FE00174732 /* Preview Content */ = {
			isa = PBXGroup;
			children = (
				7D96EF8628DF87FE00174732 /* Preview Assets.xcassets */,
			);
			path = "Preview Content";
			sourceTree = "<group>";
		};
/* End PBXGroup section */

/* Begin PBXNativeTarget section */
		7D96EF7B28DF87FD00174732 /* Drawing */ = {
			isa = PBXNativeTarget;
			buildConfigurationList = 7D96EF8A28DF87FE00174732 /* Build configuration list for PBXNativeTarget "Drawing" */;
			buildPhases = (
				7D96EF7828DF87FD00174732 /* Sources */,
				7D96EF7928DF87FD00174732 /* Frameworks */,
				7D96EF7A28DF87FD00174732 /* Resources */,
			);
			buildRules = (
			);
			dependencies = (
			);
			name = Drawing;
			productName = Drawing;
			productReference = 7D96EF7C28DF87FD00174732 /* Drawing.app */;
			productType = "com.apple.product-type.application";
		};
/* End PBXNativeTarget section */

/* Begin PBXProject section */
		7D96EF7428DF87FD00174732 /* Project object */ = {
			isa = PBXProject;
			attributes = {
				BuildIndependentTargetsInParallel = 1;
				LastSwiftUpdateCheck = 1400;
				LastUpgradeCheck = 1400;
				TargetAttributes = {
					7D96EF7B28DF87FD00174732 = {
						CreatedOnToolsVersion = 14.0;
					};
				};
			};
			buildConfigurationList = 7D96EF7728DF87FD00174732 /* Build configuration list for PBXProject "Drawing" */;
			compatibilityVersion = "Xcode 14.0";
			developmentRegion = en;
			hasScannedForEncodings = 0;
			knownRegions = (
				en,
				Base,
			);
			mainGroup = 7D96EF7328DF87FD00174732;
			productRefGroup = 7D96EF7D28DF87FD00174732 /* Products */;
			projectDirPath = "";
			projectRoot = "";
			targets = (
				7D96EF7B28DF87FD00174732 /* Drawing */,
			);
		};
/* End PBXProject section */

/* Begin PBXResourcesBuildPhase section */
		7D96EF7A28DF87FD00174732 /* Resources */ = {
			isa = PBXResourcesBuildPhase;
			buildActionMask = 2147483647;
			files = (
				7D96EF8728DF87FE00174732 /* Preview Assets.xcassets in Resources */,
				7D96EF8428DF87FE00174732 /* Assets.xcassets in Resources */,
				7D0358D928E0D57800E684BC /* example.json in Resources */,
			);
			runOnlyForDeploymentPostprocessing = 0;
		};
/* End PBXResourcesBuildPhase section */

/* Begin PBXSourcesBuildPhase section */
		7D96EF7828DF87FD00174732 /* Sources */ = {
			isa = PBXSourcesBuildPhase;
			buildActionMask = 2147483647;
			files = (
				7D16D66C28E0E38A0003C0D4 /* MyBundle.swift in Sources */,
				7DA1D19928E1C4880076204A /* Checkerboard.swift in Sources */,
				7D96EF8228DF87FD00174732 /* ContentView.swift in Sources */,
				7D5235A028E04D4F006DA394 /* EnvrmView.swift in Sources */,
				7DA1D19B28E1C5670076204A /* SpineView.swift in Sources */,
				7DA1D19528E1BE590076204A /* MultiplyBlend.swift in Sources */,
				7D8DB4A928E2072A003E8B6D /* MoarDrawing.swift in Sources */,
				7DA1D19128E1B00F0076204A /* MoreDrawing.swift in Sources */,
				7DB26FF128E1A6F4007EC518 /* PiPath.swift in Sources */,
				7D0358DD28E0DA2800E684BC /* PersonDetailView.swift in Sources */,
				7D52359D28E04806006DA394 /* FramesDames.swift in Sources */,
				7D0358DB28E0D5CC00E684BC /* JsonModel.swift in Sources */,
				7D0358D728E0D46500E684BC /* JSONFun.swift in Sources */,
				7D5235A428E04D6C006DA394 /* EnvrmVM.swift in Sources */,
				7DA1D19728E1C2270076204A /* Animate.swift in Sources */,
				7DA1D19328E1BB390076204A /* ColorCycle.swift in Sources */,
				7D16D66F28E0E3D60003C0D4 /* DrawingPaths.swift in Sources */,
				7D5235A628E096CC006DA394 /* JustAnotherView.swift in Sources */,
				7DB26FEF28E18564007EC518 /* DrawingShapes.swift in Sources */,
				7D5235A228E04D5D006DA394 /* EnvrmModel.swift in Sources */,
				7D96EF8028DF87FD00174732 /* DrawingApp.swift in Sources */,
			);
			runOnlyForDeploymentPostprocessing = 0;
		};
/* End PBXSourcesBuildPhase section */

/* Begin XCBuildConfiguration section */
		7D96EF8828DF87FE00174732 /* Debug */ = {
			isa = XCBuildConfiguration;
			buildSettings = {
				ALWAYS_SEARCH_USER_PATHS = NO;
				CLANG_ANALYZER_NONNULL = YES;
				CLANG_ANALYZER_NUMBER_OBJECT_CONVERSION = YES_AGGRESSIVE;
				CLANG_CXX_LANGUAGE_STANDARD = "gnu++20";
				CLANG_ENABLE_MODULES = YES;
				CLANG_ENABLE_OBJC_ARC = YES;
				CLANG_ENABLE_OBJC_WEAK = YES;
				CLANG_WARN_BLOCK_CAPTURE_AUTORELEASING = YES;
				CLANG_WARN_BOOL_CONVERSION = YES;
				CLANG_WARN_COMMA = YES;
				CLANG_WARN_CONSTANT_CONVERSION = YES;
				CLANG_WARN_DEPRECATED_OBJC_IMPLEMENTATIONS = YES;
				CLANG_WARN_DIRECT_OBJC_ISA_USAGE = YES_ERROR;
				CLANG_WARN_DOCUMENTATION_COMMENTS = YES;
				CLANG_WARN_EMPTY_BODY = YES;
				CLANG_WARN_ENUM_CONVERSION = YES;
				CLANG_WARN_INFINITE_RECURSION = YES;
				CLANG_WARN_INT_CONVERSION = YES;
				CLANG_WARN_NON_LITERAL_NULL_CONVERSION = YES;
				CLANG_WARN_OBJC_IMPLICIT_RETAIN_SELF = YES;
				CLANG_WARN_OBJC_LITERAL_CONVERSION = YES;
				CLANG_WARN_OBJC_ROOT_CLASS = YES_ERROR;
				CLANG_WARN_QUOTED_INCLUDE_IN_FRAMEWORK_HEADER = YES;
				CLANG_WARN_RANGE_LOOP_ANALYSIS = YES;
				CLANG_WARN_STRICT_PROTOTYPES = YES;
				CLANG_WARN_SUSPICIOUS_MOVE = YES;
				CLANG_WARN_UNGUARDED_AVAILABILITY = YES_AGGRESSIVE;
				CLANG_WARN_UNREACHABLE_CODE = YES;
				CLANG_WARN__DUPLICATE_METHOD_MATCH = YES;
				COPY_PHASE_STRIP = NO;
				DEBUG_INFORMATION_FORMAT = dwarf;
				ENABLE_STRICT_OBJC_MSGSEND = YES;
				ENABLE_TESTABILITY = YES;
				GCC_C_LANGUAGE_STANDARD = gnu11;
				GCC_DYNAMIC_NO_PIC = NO;
				GCC_NO_COMMON_BLOCKS = YES;
				GCC_OPTIMIZATION_LEVEL = 0;
				GCC_PREPROCESSOR_DEFINITIONS = (
					"DEBUG=1",
					"$(inherited)",
				);
				GCC_WARN_64_TO_32_BIT_CONVERSION = YES;
				GCC_WARN_ABOUT_RETURN_TYPE = YES_ERROR;
				GCC_WARN_UNDECLARED_SELECTOR = YES;
				GCC_WARN_UNINITIALIZED_AUTOS = YES_AGGRESSIVE;
				GCC_WARN_UNUSED_FUNCTION = YES;
				GCC_WARN_UNUSED_VARIABLE = YES;
				IPHONEOS_DEPLOYMENT_TARGET = 16.0;
				MTL_ENABLE_DEBUG_INFO = INCLUDE_SOURCE;
				MTL_FAST_MATH = YES;
				ONLY_ACTIVE_ARCH = YES;
				SDKROOT = iphoneos;
				SWIFT_ACTIVE_COMPILATION_CONDITIONS = DEBUG;
				SWIFT_OPTIMIZATION_LEVEL = "-Onone";
			};
			name = Debug;
		};
		7D96EF8928DF87FE00174732 /* Release */ = {
			isa = XCBuildConfiguration;
			buildSettings = {
				ALWAYS_SEARCH_USER_PATHS = NO;
				CLANG_ANALYZER_NONNULL = YES;
				CLANG_ANALYZER_NUMBER_OBJECT_CONVERSION = YES_AGGRESSIVE;
				CLANG_CXX_LANGUAGE_STANDARD = "gnu++20";
				CLANG_ENABLE_MODULES = YES;
				CLANG_ENABLE_OBJC_ARC = YES;
				CLANG_ENABLE_OBJC_WEAK = YES;
				CLANG_WARN_BLOCK_CAPTURE_AUTORELEASING = YES;
				CLANG_WARN_BOOL_CONVERSION = YES;
				CLANG_WARN_COMMA = YES;
				CLANG_WARN_CONSTANT_CONVERSION = YES;
				CLANG_WARN_DEPRECATED_OBJC_IMPLEMENTATIONS = YES;
				CLANG_WARN_DIRECT_OBJC_ISA_USAGE = YES_ERROR;
				CLANG_WARN_DOCUMENTATION_COMMENTS = YES;
				CLANG_WARN_EMPTY_BODY = YES;
				CLANG_WARN_ENUM_CONVERSION = YES;
				CLANG_WARN_INFINITE_RECURSION = YES;
				CLANG_WARN_INT_CONVERSION = YES;
				CLANG_WARN_NON_LITERAL_NULL_CONVERSION = YES;
				CLANG_WARN_OBJC_IMPLICIT_RETAIN_SELF = YES;
				CLANG_WARN_OBJC_LITERAL_CONVERSION = YES;
				CLANG_WARN_OBJC_ROOT_CLASS = YES_ERROR;
				CLANG_WARN_QUOTED_INCLUDE_IN_FRAMEWORK_HEADER = YES;
				CLANG_WARN_RANGE_LOOP_ANALYSIS = YES;
				CLANG_WARN_STRICT_PROTOTYPES = YES;
				CLANG_WARN_SUSPICIOUS_MOVE = YES;
				CLANG_WARN_UNGUARDED_AVAILABILITY = YES_AGGRESSIVE;
				CLANG_WARN_UNREACHABLE_CODE = YES;
				CLANG_WARN__DUPLICATE_METHOD_MATCH = YES;
				COPY_PHASE_STRIP = NO;
				DEBUG_INFORMATION_FORMAT = "dwarf-with-dsym";
				ENABLE_NS_ASSERTIONS = NO;
				ENABLE_STRICT_OBJC_MSGSEND = YES;
				GCC_C_LANGUAGE_STANDARD = gnu11;
				GCC_NO_COMMON_BLOCKS = YES;
				GCC_WARN_64_TO_32_BIT_CONVERSION = YES;
				GCC_WARN_ABOUT_RETURN_TYPE = YES_ERROR;
				GCC_WARN_UNDECLARED_SELECTOR = YES;
				GCC_WARN_UNINITIALIZED_AUTOS = YES_AGGRESSIVE;
				GCC_WARN_UNUSED_FUNCTION = YES;
				GCC_WARN_UNUSED_VARIABLE = YES;
				IPHONEOS_DEPLOYMENT_TARGET = 16.0;
				MTL_ENABLE_DEBUG_INFO = NO;
				MTL_FAST_MATH = YES;
				SDKROOT = iphoneos;
				SWIFT_COMPILATION_MODE = wholemodule;
				SWIFT_OPTIMIZATION_LEVEL = "-O";
				VALIDATE_PRODUCT = YES;
			};
			name = Release;
		};
		7D96EF8B28DF87FE00174732 /* Debug */ = {
			isa = XCBuildConfiguration;
			buildSettings = {
				ASSETCATALOG_COMPILER_APPICON_NAME = AppIcon;
				ASSETCATALOG_COMPILER_GLOBAL_ACCENT_COLOR_NAME = AccentColor;
				CODE_SIGN_STYLE = Automatic;
				CURRENT_PROJECT_VERSION = 1;
				DEVELOPMENT_ASSET_PATHS = "\"Drawing/Preview Content\"";
				ENABLE_PREVIEWS = YES;
				GENERATE_INFOPLIST_FILE = YES;
				INFOPLIST_KEY_UIApplicationSceneManifest_Generation = YES;
				INFOPLIST_KEY_UIApplicationSupportsIndirectInputEvents = YES;
				INFOPLIST_KEY_UILaunchScreen_Generation = YES;
				INFOPLIST_KEY_UISupportedInterfaceOrientations_iPad = "UIInterfaceOrientationPortrait UIInterfaceOrientationPortraitUpsideDown UIInterfaceOrientationLandscapeLeft UIInterfaceOrientationLandscapeRight";
				INFOPLIST_KEY_UISupportedInterfaceOrientations_iPhone = "UIInterfaceOrientationPortrait UIInterfaceOrientationLandscapeLeft UIInterfaceOrientationLandscapeRight";
				LD_RUNPATH_SEARCH_PATHS = (
					"$(inherited)",
					"@executable_path/Frameworks",
				);
				MARKETING_VERSION = 1.0;
				PRODUCT_BUNDLE_IDENTIFIER = w.Drawing;
				PRODUCT_NAME = "$(TARGET_NAME)";
				SWIFT_EMIT_LOC_STRINGS = YES;
				SWIFT_VERSION = 5.0;
				TARGETED_DEVICE_FAMILY = "1,2";
			};
			name = Debug;
		};
		7D96EF8C28DF87FE00174732 /* Release */ = {
			isa = XCBuildConfiguration;
			buildSettings = {
				ASSETCATALOG_COMPILER_APPICON_NAME = AppIcon;
				ASSETCATALOG_COMPILER_GLOBAL_ACCENT_COLOR_NAME = AccentColor;
				CODE_SIGN_STYLE = Automatic;
				CURRENT_PROJECT_VERSION = 1;
				DEVELOPMENT_ASSET_PATHS = "\"Drawing/Preview Content\"";
				ENABLE_PREVIEWS = YES;
				GENERATE_INFOPLIST_FILE = YES;
				INFOPLIST_KEY_UIApplicationSceneManifest_Generation = YES;
				INFOPLIST_KEY_UIApplicationSupportsIndirectInputEvents = YES;
				INFOPLIST_KEY_UILaunchScreen_Generation = YES;
				INFOPLIST_KEY_UISupportedInterfaceOrientations_iPad = "UIInterfaceOrientationPortrait UIInterfaceOrientationPortraitUpsideDown UIInterfaceOrientationLandscapeLeft UIInterfaceOrientationLandscapeRight";
				INFOPLIST_KEY_UISupportedInterfaceOrientations_iPhone = "UIInterfaceOrientationPortrait UIInterfaceOrientationLandscapeLeft UIInterfaceOrientationLandscapeRight";
				LD_RUNPATH_SEARCH_PATHS = (
					"$(inherited)",
					"@executable_path/Frameworks",
				);
				MARKETING_VERSION = 1.0;
				PRODUCT_BUNDLE_IDENTIFIER = w.Drawing;
				PRODUCT_NAME = "$(TARGET_NAME)";
				SWIFT_EMIT_LOC_STRINGS = YES;
				SWIFT_VERSION = 5.0;
				TARGETED_DEVICE_FAMILY = "1,2";
			};
			name = Release;
		};
/* End XCBuildConfiguration section */

/* Begin XCConfigurationList section */
		7D96EF7728DF87FD00174732 /* Build configuration list for PBXProject "Drawing" */ = {
			isa = XCConfigurationList;
			buildConfigurations = (
				7D96EF8828DF87FE00174732 /* Debug */,
				7D96EF8928DF87FE00174732 /* Release */,
			);
			defaultConfigurationIsVisible = 0;
			defaultConfigurationName = Release;
		};
		7D96EF8A28DF87FE00174732 /* Build configuration list for PBXNativeTarget "Drawing" */ = {
			isa = XCConfigurationList;
			buildConfigurations = (
				7D96EF8B28DF87FE00174732 /* Debug */,
				7D96EF8C28DF87FE00174732 /* Release */,
			);
			defaultConfigurationIsVisible = 0;
			defaultConfigurationName = Release;
		};
/* End XCConfigurationList section */
	};
	rootObject = 7D96EF7428DF87FD00174732 /* Project object */;
}
