// !$*UTF8*$!
{
	archiveVersion = 1;
	classes = {
	};
	objectVersion = 56;
	objects = {

/* Begin PBXBuildFile section */
		7DE18E0428DF0A05004F9B28 /* MoonShotV2App.swift in Sources */ = {isa = PBXBuildFile; fileRef = 7DE18E0328DF0A05004F9B28 /* MoonShotV2App.swift */; };
		7DE18E0828DF0A05004F9B28 /* Assets.xcassets in Resources */ = {isa = PBXBuildFile; fileRef = 7DE18E0728DF0A05004F9B28 /* Assets.xcassets */; };
		7DE18E0B28DF0A05004F9B28 /* Preview Assets.xcassets in Resources */ = {isa = PBXBuildFile; fileRef = 7DE18E0A28DF0A05004F9B28 /* Preview Assets.xcassets */; };
		7DE18E1228DF0A3A004F9B28 /* ContentView.swift in Sources */ = {isa = PBXBuildFile; fileRef = 7DE18E1128DF0A3A004F9B28 /* ContentView.swift */; };
		7DE18E1528DF0B17004F9B28 /* astronauts.json in Resources */ = {isa = PBXBuildFile; fileRef = 7DE18E1328DF0B17004F9B28 /* astronauts.json */; };
		7DE18E1628DF0B17004F9B28 /* missions.json in Resources */ = {isa = PBXBuildFile; fileRef = 7DE18E1428DF0B17004F9B28 /* missions.json */; };
		7DE18E1828DF1110004F9B28 /* ModelAstronaut.swift in Sources */ = {isa = PBXBuildFile; fileRef = 7DE18E1728DF1110004F9B28 /* ModelAstronaut.swift */; };
		7DE18E1A28DF351A004F9B28 /* ViewsExtensions.swift in Sources */ = {isa = PBXBuildFile; fileRef = 7DE18E1928DF351A004F9B28 /* ViewsExtensions.swift */; };
/* End PBXBuildFile section */

/* Begin PBXFileReference section */
		7DE18E0028DF0A05004F9B28 /* MoonShotV2.app */ = {isa = PBXFileReference; explicitFileType = wrapper.application; includeInIndex = 0; path = MoonShotV2.app; sourceTree = BUILT_PRODUCTS_DIR; };
		7DE18E0328DF0A05004F9B28 /* MoonShotV2App.swift */ = {isa = PBXFileReference; lastKnownFileType = sourcecode.swift; path = MoonShotV2App.swift; sourceTree = "<group>"; };
		7DE18E0728DF0A05004F9B28 /* Assets.xcassets */ = {isa = PBXFileReference; lastKnownFileType = folder.assetcatalog; path = Assets.xcassets; sourceTree = "<group>"; };
		7DE18E0A28DF0A05004F9B28 /* Preview Assets.xcassets */ = {isa = PBXFileReference; lastKnownFileType = folder.assetcatalog; path = "Preview Assets.xcassets"; sourceTree = "<group>"; };
		7DE18E1128DF0A3A004F9B28 /* ContentView.swift */ = {isa = PBXFileReference; lastKnownFileType = sourcecode.swift; path = ContentView.swift; sourceTree = "<group>"; };
		7DE18E1328DF0B17004F9B28 /* astronauts.json */ = {isa = PBXFileReference; fileEncoding = 4; lastKnownFileType = text.json; path = astronauts.json; sourceTree = "<group>"; };
		7DE18E1428DF0B17004F9B28 /* missions.json */ = {isa = PBXFileReference; fileEncoding = 4; lastKnownFileType = text.json; path = missions.json; sourceTree = "<group>"; };
		7DE18E1728DF1110004F9B28 /* ModelAstronaut.swift */ = {isa = PBXFileReference; lastKnownFileType = sourcecode.swift; path = ModelAstronaut.swift; sourceTree = "<group>"; };
		7DE18E1928DF351A004F9B28 /* ViewsExtensions.swift */ = {isa = PBXFileReference; lastKnownFileType = sourcecode.swift; path = ViewsExtensions.swift; sourceTree = "<group>"; };
/* End PBXFileReference section */

/* Begin PBXFrameworksBuildPhase section */
		7DE18DFD28DF0A05004F9B28 /* Frameworks */ = {
			isa = PBXFrameworksBuildPhase;
			buildActionMask = 2147483647;
			files = (
			);
			runOnlyForDeploymentPostprocessing = 0;
		};
/* End PBXFrameworksBuildPhase section */

/* Begin PBXGroup section */
		7DE18DF728DF0A05004F9B28 = {
			isa = PBXGroup;
			children = (
				7DE18E0228DF0A05004F9B28 /* MoonShotV2 */,
				7DE18E0128DF0A05004F9B28 /* Products */,
			);
			sourceTree = "<group>";
		};
		7DE18E0128DF0A05004F9B28 /* Products */ = {
			isa = PBXGroup;
			children = (
				7DE18E0028DF0A05004F9B28 /* MoonShotV2.app */,
			);
			name = Products;
			sourceTree = "<group>";
		};
		7DE18E0228DF0A05004F9B28 /* MoonShotV2 */ = {
			isa = PBXGroup;
			children = (
				7DE18E1128DF0A3A004F9B28 /* ContentView.swift */,
				7DE18E1728DF1110004F9B28 /* ModelAstronaut.swift */,
				7DE18E1928DF351A004F9B28 /* ViewsExtensions.swift */,
				7DE18E1328DF0B17004F9B28 /* astronauts.json */,
				7DE18E1428DF0B17004F9B28 /* missions.json */,
				7DE18E0728DF0A05004F9B28 /* Assets.xcassets */,
				7DE18E0328DF0A05004F9B28 /* MoonShotV2App.swift */,
				7DE18E0928DF0A05004F9B28 /* Preview Content */,
			);
			path = MoonShotV2;
			sourceTree = "<group>";
		};
		7DE18E0928DF0A05004F9B28 /* Preview Content */ = {
			isa = PBXGroup;
			children = (
				7DE18E0A28DF0A05004F9B28 /* Preview Assets.xcassets */,
			);
			path = "Preview Content";
			sourceTree = "<group>";
		};
/* End PBXGroup section */

/* Begin PBXNativeTarget section */
		7DE18DFF28DF0A05004F9B28 /* MoonShotV2 */ = {
			isa = PBXNativeTarget;
			buildConfigurationList = 7DE18E0E28DF0A05004F9B28 /* Build configuration list for PBXNativeTarget "MoonShotV2" */;
			buildPhases = (
				7DE18DFC28DF0A05004F9B28 /* Sources */,
				7DE18DFD28DF0A05004F9B28 /* Frameworks */,
				7DE18DFE28DF0A05004F9B28 /* Resources */,
			);
			buildRules = (
			);
			dependencies = (
			);
			name = MoonShotV2;
			productName = MoonShotV2;
			productReference = 7DE18E0028DF0A05004F9B28 /* MoonShotV2.app */;
			productType = "com.apple.product-type.application";
		};
/* End PBXNativeTarget section */

/* Begin PBXProject section */
		7DE18DF828DF0A05004F9B28 /* Project object */ = {
			isa = PBXProject;
			attributes = {
				BuildIndependentTargetsInParallel = 1;
				LastSwiftUpdateCheck = 1400;
				LastUpgradeCheck = 1400;
				TargetAttributes = {
					7DE18DFF28DF0A05004F9B28 = {
						CreatedOnToolsVersion = 14.0;
					};
				};
			};
			buildConfigurationList = 7DE18DFB28DF0A05004F9B28 /* Build configuration list for PBXProject "MoonShotV2" */;
			compatibilityVersion = "Xcode 14.0";
			developmentRegion = en;
			hasScannedForEncodings = 0;
			knownRegions = (
				en,
				Base,
			);
			mainGroup = 7DE18DF728DF0A05004F9B28;
			productRefGroup = 7DE18E0128DF0A05004F9B28 /* Products */;
			projectDirPath = "";
			projectRoot = "";
			targets = (
				7DE18DFF28DF0A05004F9B28 /* MoonShotV2 */,
			);
		};
/* End PBXProject section */

/* Begin PBXResourcesBuildPhase section */
		7DE18DFE28DF0A05004F9B28 /* Resources */ = {
			isa = PBXResourcesBuildPhase;
			buildActionMask = 2147483647;
			files = (
				7DE18E1528DF0B17004F9B28 /* astronauts.json in Resources */,
				7DE18E0B28DF0A05004F9B28 /* Preview Assets.xcassets in Resources */,
				7DE18E1628DF0B17004F9B28 /* missions.json in Resources */,
				7DE18E0828DF0A05004F9B28 /* Assets.xcassets in Resources */,
			);
			runOnlyForDeploymentPostprocessing = 0;
		};
/* End PBXResourcesBuildPhase section */

/* Begin PBXSourcesBuildPhase section */
		7DE18DFC28DF0A05004F9B28 /* Sources */ = {
			isa = PBXSourcesBuildPhase;
			buildActionMask = 2147483647;
			files = (
				7DE18E1228DF0A3A004F9B28 /* ContentView.swift in Sources */,
				7DE18E1A28DF351A004F9B28 /* ViewsExtensions.swift in Sources */,
				7DE18E0428DF0A05004F9B28 /* MoonShotV2App.swift in Sources */,
				7DE18E1828DF1110004F9B28 /* ModelAstronaut.swift in Sources */,
			);
			runOnlyForDeploymentPostprocessing = 0;
		};
/* End PBXSourcesBuildPhase section */

/* Begin XCBuildConfiguration section */
		7DE18E0C28DF0A05004F9B28 /* Debug */ = {
			isa = XCBuildConfiguration;
			buildSettings = {
				ALWAYS_SEARCH_USER_PATHS = NO;
				CLANG_ANALYZER_NONNULL = YES;
				CLANG_ANALYZER_NUMBER_OBJECT_CONVERSION = YES_AGGRESSIVE;
				CLANG_CXX_LANGUAGE_STANDARD = "gnu++20";
				CLANG_ENABLE_MODULES = YES;
				CLANG_ENABLE_OBJC_ARC = YES;
				CLANG_ENABLE_OBJC_WEAK = YES;
				CLANG_WARN_BLOCK_CAPTURE_AUTORELEASING = YES;
				CLANG_WARN_BOOL_CONVERSION = YES;
				CLANG_WARN_COMMA = YES;
				CLANG_WARN_CONSTANT_CONVERSION = YES;
				CLANG_WARN_DEPRECATED_OBJC_IMPLEMENTATIONS = YES;
				CLANG_WARN_DIRECT_OBJC_ISA_USAGE = YES_ERROR;
				CLANG_WARN_DOCUMENTATION_COMMENTS = YES;
				CLANG_WARN_EMPTY_BODY = YES;
				CLANG_WARN_ENUM_CONVERSION = YES;
				CLANG_WARN_INFINITE_RECURSION = YES;
				CLANG_WARN_INT_CONVERSION = YES;
				CLANG_WARN_NON_LITERAL_NULL_CONVERSION = YES;
				CLANG_WARN_OBJC_IMPLICIT_RETAIN_SELF = YES;
				CLANG_WARN_OBJC_LITERAL_CONVERSION = YES;
				CLANG_WARN_OBJC_ROOT_CLASS = YES_ERROR;
				CLANG_WARN_QUOTED_INCLUDE_IN_FRAMEWORK_HEADER = YES;
				CLANG_WARN_RANGE_LOOP_ANALYSIS = YES;
				CLANG_WARN_STRICT_PROTOTYPES = YES;
				CLANG_WARN_SUSPICIOUS_MOVE = YES;
				CLANG_WARN_UNGUARDED_AVAILABILITY = YES_AGGRESSIVE;
				CLANG_WARN_UNREACHABLE_CODE = YES;
				CLANG_WARN__DUPLICATE_METHOD_MATCH = YES;
				COPY_PHASE_STRIP = NO;
				DEBUG_INFORMATION_FORMAT = dwarf;
				ENABLE_STRICT_OBJC_MSGSEND = YES;
				ENABLE_TESTABILITY = YES;
				GCC_C_LANGUAGE_STANDARD = gnu11;
				GCC_DYNAMIC_NO_PIC = NO;
				GCC_NO_COMMON_BLOCKS = YES;
				GCC_OPTIMIZATION_LEVEL = 0;
				GCC_PREPROCESSOR_DEFINITIONS = (
					"DEBUG=1",
					"$(inherited)",
				);
				GCC_WARN_64_TO_32_BIT_CONVERSION = YES;
				GCC_WARN_ABOUT_RETURN_TYPE = YES_ERROR;
				GCC_WARN_UNDECLARED_SELECTOR = YES;
				GCC_WARN_UNINITIALIZED_AUTOS = YES_AGGRESSIVE;
				GCC_WARN_UNUSED_FUNCTION = YES;
				GCC_WARN_UNUSED_VARIABLE = YES;
				IPHONEOS_DEPLOYMENT_TARGET = 16.0;
				MTL_ENABLE_DEBUG_INFO = INCLUDE_SOURCE;
				MTL_FAST_MATH = YES;
				ONLY_ACTIVE_ARCH = YES;
				SDKROOT = iphoneos;
				SWIFT_ACTIVE_COMPILATION_CONDITIONS = DEBUG;
				SWIFT_OPTIMIZATION_LEVEL = "-Onone";
			};
			name = Debug;
		};
		7DE18E0D28DF0A05004F9B28 /* Release */ = {
			isa = XCBuildConfiguration;
			buildSettings = {
				ALWAYS_SEARCH_USER_PATHS = NO;
				CLANG_ANALYZER_NONNULL = YES;
				CLANG_ANALYZER_NUMBER_OBJECT_CONVERSION = YES_AGGRESSIVE;
				CLANG_CXX_LANGUAGE_STANDARD = "gnu++20";
				CLANG_ENABLE_MODULES = YES;
				CLANG_ENABLE_OBJC_ARC = YES;
				CLANG_ENABLE_OBJC_WEAK = YES;
				CLANG_WARN_BLOCK_CAPTURE_AUTORELEASING = YES;
				CLANG_WARN_BOOL_CONVERSION = YES;
				CLANG_WARN_COMMA = YES;
				CLANG_WARN_CONSTANT_CONVERSION = YES;
				CLANG_WARN_DEPRECATED_OBJC_IMPLEMENTATIONS = YES;
				CLANG_WARN_DIRECT_OBJC_ISA_USAGE = YES_ERROR;
				CLANG_WARN_DOCUMENTATION_COMMENTS = YES;
				CLANG_WARN_EMPTY_BODY = YES;
				CLANG_WARN_ENUM_CONVERSION = YES;
				CLANG_WARN_INFINITE_RECURSION = YES;
				CLANG_WARN_INT_CONVERSION = YES;
				CLANG_WARN_NON_LITERAL_NULL_CONVERSION = YES;
				CLANG_WARN_OBJC_IMPLICIT_RETAIN_SELF = YES;
				CLANG_WARN_OBJC_LITERAL_CONVERSION = YES;
				CLANG_WARN_OBJC_ROOT_CLASS = YES_ERROR;
				CLANG_WARN_QUOTED_INCLUDE_IN_FRAMEWORK_HEADER = YES;
				CLANG_WARN_RANGE_LOOP_ANALYSIS = YES;
				CLANG_WARN_STRICT_PROTOTYPES = YES;
				CLANG_WARN_SUSPICIOUS_MOVE = YES;
				CLANG_WARN_UNGUARDED_AVAILABILITY = YES_AGGRESSIVE;
				CLANG_WARN_UNREACHABLE_CODE = YES;
				CLANG_WARN__DUPLICATE_METHOD_MATCH = YES;
				COPY_PHASE_STRIP = NO;
				DEBUG_INFORMATION_FORMAT = "dwarf-with-dsym";
				ENABLE_NS_ASSERTIONS = NO;
				ENABLE_STRICT_OBJC_MSGSEND = YES;
				GCC_C_LANGUAGE_STANDARD = gnu11;
				GCC_NO_COMMON_BLOCKS = YES;
				GCC_WARN_64_TO_32_BIT_CONVERSION = YES;
				GCC_WARN_ABOUT_RETURN_TYPE = YES_ERROR;
				GCC_WARN_UNDECLARED_SELECTOR = YES;
				GCC_WARN_UNINITIALIZED_AUTOS = YES_AGGRESSIVE;
				GCC_WARN_UNUSED_FUNCTION = YES;
				GCC_WARN_UNUSED_VARIABLE = YES;
				IPHONEOS_DEPLOYMENT_TARGET = 16.0;
				MTL_ENABLE_DEBUG_INFO = NO;
				MTL_FAST_MATH = YES;
				SDKROOT = iphoneos;
				SWIFT_COMPILATION_MODE = wholemodule;
				SWIFT_OPTIMIZATION_LEVEL = "-O";
				VALIDATE_PRODUCT = YES;
			};
			name = Release;
		};
		7DE18E0F28DF0A05004F9B28 /* Debug */ = {
			isa = XCBuildConfiguration;
			buildSettings = {
				ASSETCATALOG_COMPILER_APPICON_NAME = AppIcon;
				ASSETCATALOG_COMPILER_GLOBAL_ACCENT_COLOR_NAME = AccentColor;
				CODE_SIGN_STYLE = Automatic;
				CURRENT_PROJECT_VERSION = 1;
				DEVELOPMENT_ASSET_PATHS = "\"MoonShotV2/Preview Content\"";
				ENABLE_PREVIEWS = YES;
				GENERATE_INFOPLIST_FILE = YES;
				INFOPLIST_KEY_UIApplicationSceneManifest_Generation = YES;
				INFOPLIST_KEY_UIApplicationSupportsIndirectInputEvents = YES;
				INFOPLIST_KEY_UILaunchScreen_Generation = YES;
				INFOPLIST_KEY_UISupportedInterfaceOrientations_iPad = "UIInterfaceOrientationPortrait UIInterfaceOrientationPortraitUpsideDown UIInterfaceOrientationLandscapeLeft UIInterfaceOrientationLandscapeRight";
				INFOPLIST_KEY_UISupportedInterfaceOrientations_iPhone = "UIInterfaceOrientationPortrait UIInterfaceOrientationLandscapeLeft UIInterfaceOrientationLandscapeRight";
				LD_RUNPATH_SEARCH_PATHS = (
					"$(inherited)",
					"@executable_path/Frameworks",
				);
				MARKETING_VERSION = 1.0;
				PRODUCT_BUNDLE_IDENTIFIER = w.MoonShotV2;
				PRODUCT_NAME = "$(TARGET_NAME)";
				SWIFT_EMIT_LOC_STRINGS = YES;
				SWIFT_VERSION = 5.0;
				TARGETED_DEVICE_FAMILY = "1,2";
			};
			name = Debug;
		};
		7DE18E1028DF0A05004F9B28 /* Release */ = {
			isa = XCBuildConfiguration;
			buildSettings = {
				ASSETCATALOG_COMPILER_APPICON_NAME = AppIcon;
				ASSETCATALOG_COMPILER_GLOBAL_ACCENT_COLOR_NAME = AccentColor;
				CODE_SIGN_STYLE = Automatic;
				CURRENT_PROJECT_VERSION = 1;
				DEVELOPMENT_ASSET_PATHS = "\"MoonShotV2/Preview Content\"";
				ENABLE_PREVIEWS = YES;
				GENERATE_INFOPLIST_FILE = YES;
				INFOPLIST_KEY_UIApplicationSceneManifest_Generation = YES;
				INFOPLIST_KEY_UIApplicationSupportsIndirectInputEvents = YES;
				INFOPLIST_KEY_UILaunchScreen_Generation = YES;
				INFOPLIST_KEY_UISupportedInterfaceOrientations_iPad = "UIInterfaceOrientationPortrait UIInterfaceOrientationPortraitUpsideDown UIInterfaceOrientationLandscapeLeft UIInterfaceOrientationLandscapeRight";
				INFOPLIST_KEY_UISupportedInterfaceOrientations_iPhone = "UIInterfaceOrientationPortrait UIInterfaceOrientationLandscapeLeft UIInterfaceOrientationLandscapeRight";
				LD_RUNPATH_SEARCH_PATHS = (
					"$(inherited)",
					"@executable_path/Frameworks",
				);
				MARKETING_VERSION = 1.0;
				PRODUCT_BUNDLE_IDENTIFIER = w.MoonShotV2;
				PRODUCT_NAME = "$(TARGET_NAME)";
				SWIFT_EMIT_LOC_STRINGS = YES;
				SWIFT_VERSION = 5.0;
				TARGETED_DEVICE_FAMILY = "1,2";
			};
			name = Release;
		};
/* End XCBuildConfiguration section */

/* Begin XCConfigurationList section */
		7DE18DFB28DF0A05004F9B28 /* Build configuration list for PBXProject "MoonShotV2" */ = {
			isa = XCConfigurationList;
			buildConfigurations = (
				7DE18E0C28DF0A05004F9B28 /* Debug */,
				7DE18E0D28DF0A05004F9B28 /* Release */,
			);
			defaultConfigurationIsVisible = 0;
			defaultConfigurationName = Release;
		};
		7DE18E0E28DF0A05004F9B28 /* Build configuration list for PBXNativeTarget "MoonShotV2" */ = {
			isa = XCConfigurationList;
			buildConfigurations = (
				7DE18E0F28DF0A05004F9B28 /* Debug */,
				7DE18E1028DF0A05004F9B28 /* Release */,
			);
			defaultConfigurationIsVisible = 0;
			defaultConfigurationName = Release;
		};
/* End XCConfigurationList section */
	};
	rootObject = 7DE18DF828DF0A05004F9B28 /* Project object */;
}
