// !$*UTF8*$!
{
	archiveVersion = 1;
	classes = {
	};
	objectVersion = 56;
	objects = {

/* Begin PBXBuildFile section */
		7D91C2B228E56679000AE0D1 /* Project10App.swift in Sources */ = {isa = PBXBuildFile; fileRef = 7D91C2B128E56679000AE0D1 /* Project10App.swift */; };
		7D91C2B628E5667A000AE0D1 /* Assets.xcassets in Resources */ = {isa = PBXBuildFile; fileRef = 7D91C2B528E5667A000AE0D1 /* Assets.xcassets */; };
		7D91C2B928E5667A000AE0D1 /* Preview Assets.xcassets in Resources */ = {isa = PBXBuildFile; fileRef = 7D91C2B828E5667A000AE0D1 /* Preview Assets.xcassets */; };
		7D91C2C228E571AC000AE0D1 /* DownloadingImg.swift in Sources */ = {isa = PBXBuildFile; fileRef = 7D91C2C128E571AC000AE0D1 /* DownloadingImg.swift */; };
		7D91C2C428E598AF000AE0D1 /* Validating and disabling forms.swift in Sources */ = {isa = PBXBuildFile; fileRef = 7D91C2C328E598AF000AE0D1 /* Validating and disabling forms.swift */; };
		7D91C2C828E59A75000AE0D1 /* MainView.swift in Sources */ = {isa = PBXBuildFile; fileRef = 7D91C2C728E59A75000AE0D1 /* MainView.swift */; };
		7D91C2CC28E59A87000AE0D1 /* OrderViewModel.swift in Sources */ = {isa = PBXBuildFile; fileRef = 7D91C2CB28E59A87000AE0D1 /* OrderViewModel.swift */; };
		7D91C2CE28E5A971000AE0D1 /* AdressView.swift in Sources */ = {isa = PBXBuildFile; fileRef = 7D91C2CD28E5A971000AE0D1 /* AdressView.swift */; };
		7D91C2D028E5B04C000AE0D1 /* CheckoutView.swift in Sources */ = {isa = PBXBuildFile; fileRef = 7D91C2CF28E5B04C000AE0D1 /* CheckoutView.swift */; };
/* End PBXBuildFile section */

/* Begin PBXFileReference section */
		7D91C2AE28E56679000AE0D1 /* Project10.app */ = {isa = PBXFileReference; explicitFileType = wrapper.application; includeInIndex = 0; path = Project10.app; sourceTree = BUILT_PRODUCTS_DIR; };
		7D91C2B128E56679000AE0D1 /* Project10App.swift */ = {isa = PBXFileReference; lastKnownFileType = sourcecode.swift; path = Project10App.swift; sourceTree = "<group>"; };
		7D91C2B528E5667A000AE0D1 /* Assets.xcassets */ = {isa = PBXFileReference; lastKnownFileType = folder.assetcatalog; path = Assets.xcassets; sourceTree = "<group>"; };
		7D91C2B828E5667A000AE0D1 /* Preview Assets.xcassets */ = {isa = PBXFileReference; lastKnownFileType = folder.assetcatalog; path = "Preview Assets.xcassets"; sourceTree = "<group>"; };
		7D91C2C128E571AC000AE0D1 /* DownloadingImg.swift */ = {isa = PBXFileReference; lastKnownFileType = sourcecode.swift; path = DownloadingImg.swift; sourceTree = "<group>"; };
		7D91C2C328E598AF000AE0D1 /* Validating and disabling forms.swift */ = {isa = PBXFileReference; lastKnownFileType = sourcecode.swift; path = "Validating and disabling forms.swift"; sourceTree = "<group>"; };
		7D91C2C728E59A75000AE0D1 /* MainView.swift */ = {isa = PBXFileReference; lastKnownFileType = sourcecode.swift; path = MainView.swift; sourceTree = "<group>"; };
		7D91C2CB28E59A87000AE0D1 /* OrderViewModel.swift */ = {isa = PBXFileReference; lastKnownFileType = sourcecode.swift; path = OrderViewModel.swift; sourceTree = "<group>"; };
		7D91C2CD28E5A971000AE0D1 /* AdressView.swift */ = {isa = PBXFileReference; lastKnownFileType = sourcecode.swift; path = AdressView.swift; sourceTree = "<group>"; };
		7D91C2CF28E5B04C000AE0D1 /* CheckoutView.swift */ = {isa = PBXFileReference; lastKnownFileType = sourcecode.swift; path = CheckoutView.swift; sourceTree = "<group>"; };
/* End PBXFileReference section */

/* Begin PBXFrameworksBuildPhase section */
		7D91C2AB28E56679000AE0D1 /* Frameworks */ = {
			isa = PBXFrameworksBuildPhase;
			buildActionMask = 2147483647;
			files = (
			);
			runOnlyForDeploymentPostprocessing = 0;
		};
/* End PBXFrameworksBuildPhase section */

/* Begin PBXGroup section */
		7D91C2A528E56679000AE0D1 = {
			isa = PBXGroup;
			children = (
				7D91C2B028E56679000AE0D1 /* Project10 */,
				7D91C2AF28E56679000AE0D1 /* Products */,
			);
			sourceTree = "<group>";
		};
		7D91C2AF28E56679000AE0D1 /* Products */ = {
			isa = PBXGroup;
			children = (
				7D91C2AE28E56679000AE0D1 /* Project10.app */,
			);
			name = Products;
			sourceTree = "<group>";
		};
		7D91C2B028E56679000AE0D1 /* Project10 */ = {
			isa = PBXGroup;
			children = (
				7D91C2C528E59A41000AE0D1 /* Cupcake Corner */,
				7D91C2C628E59A55000AE0D1 /* mull */,
				7D91C2B528E5667A000AE0D1 /* Assets.xcassets */,
				7D91C2B128E56679000AE0D1 /* Project10App.swift */,
				7D91C2B728E5667A000AE0D1 /* Preview Content */,
			);
			path = Project10;
			sourceTree = "<group>";
		};
		7D91C2B728E5667A000AE0D1 /* Preview Content */ = {
			isa = PBXGroup;
			children = (
				7D91C2B828E5667A000AE0D1 /* Preview Assets.xcassets */,
			);
			path = "Preview Content";
			sourceTree = "<group>";
		};
		7D91C2C528E59A41000AE0D1 /* Cupcake Corner */ = {
			isa = PBXGroup;
			children = (
				7D91C2C728E59A75000AE0D1 /* MainView.swift */,
				7D91C2CD28E5A971000AE0D1 /* AdressView.swift */,
				7D91C2CF28E5B04C000AE0D1 /* CheckoutView.swift */,
				7D91C2CB28E59A87000AE0D1 /* OrderViewModel.swift */,
			);
			path = "Cupcake Corner";
			sourceTree = "<group>";
		};
		7D91C2C628E59A55000AE0D1 /* mull */ = {
			isa = PBXGroup;
			children = (
				7D91C2C128E571AC000AE0D1 /* DownloadingImg.swift */,
				7D91C2C328E598AF000AE0D1 /* Validating and disabling forms.swift */,
			);
			path = mull;
			sourceTree = "<group>";
		};
/* End PBXGroup section */

/* Begin PBXNativeTarget section */
		7D91C2AD28E56679000AE0D1 /* Project10 */ = {
			isa = PBXNativeTarget;
			buildConfigurationList = 7D91C2BC28E5667A000AE0D1 /* Build configuration list for PBXNativeTarget "Project10" */;
			buildPhases = (
				7D91C2AA28E56679000AE0D1 /* Sources */,
				7D91C2AB28E56679000AE0D1 /* Frameworks */,
				7D91C2AC28E56679000AE0D1 /* Resources */,
			);
			buildRules = (
			);
			dependencies = (
			);
			name = Project10;
			productName = Project10;
			productReference = 7D91C2AE28E56679000AE0D1 /* Project10.app */;
			productType = "com.apple.product-type.application";
		};
/* End PBXNativeTarget section */

/* Begin PBXProject section */
		7D91C2A628E56679000AE0D1 /* Project object */ = {
			isa = PBXProject;
			attributes = {
				BuildIndependentTargetsInParallel = 1;
				LastSwiftUpdateCheck = 1400;
				LastUpgradeCheck = 1400;
				TargetAttributes = {
					7D91C2AD28E56679000AE0D1 = {
						CreatedOnToolsVersion = 14.0;
					};
				};
			};
			buildConfigurationList = 7D91C2A928E56679000AE0D1 /* Build configuration list for PBXProject "Project10" */;
			compatibilityVersion = "Xcode 14.0";
			developmentRegion = en;
			hasScannedForEncodings = 0;
			knownRegions = (
				en,
				Base,
			);
			mainGroup = 7D91C2A528E56679000AE0D1;
			productRefGroup = 7D91C2AF28E56679000AE0D1 /* Products */;
			projectDirPath = "";
			projectRoot = "";
			targets = (
				7D91C2AD28E56679000AE0D1 /* Project10 */,
			);
		};
/* End PBXProject section */

/* Begin PBXResourcesBuildPhase section */
		7D91C2AC28E56679000AE0D1 /* Resources */ = {
			isa = PBXResourcesBuildPhase;
			buildActionMask = 2147483647;
			files = (
				7D91C2B928E5667A000AE0D1 /* Preview Assets.xcassets in Resources */,
				7D91C2B628E5667A000AE0D1 /* Assets.xcassets in Resources */,
			);
			runOnlyForDeploymentPostprocessing = 0;
		};
/* End PBXResourcesBuildPhase section */

/* Begin PBXSourcesBuildPhase section */
		7D91C2AA28E56679000AE0D1 /* Sources */ = {
			isa = PBXSourcesBuildPhase;
			buildActionMask = 2147483647;
			files = (
				7D91C2CE28E5A971000AE0D1 /* AdressView.swift in Sources */,
				7D91C2C228E571AC000AE0D1 /* DownloadingImg.swift in Sources */,
				7D91C2C828E59A75000AE0D1 /* MainView.swift in Sources */,
				7D91C2B228E56679000AE0D1 /* Project10App.swift in Sources */,
				7D91C2CC28E59A87000AE0D1 /* OrderViewModel.swift in Sources */,
				7D91C2D028E5B04C000AE0D1 /* CheckoutView.swift in Sources */,
				7D91C2C428E598AF000AE0D1 /* Validating and disabling forms.swift in Sources */,
			);
			runOnlyForDeploymentPostprocessing = 0;
		};
/* End PBXSourcesBuildPhase section */

/* Begin XCBuildConfiguration section */
		7D91C2BA28E5667A000AE0D1 /* Debug */ = {
			isa = XCBuildConfiguration;
			buildSettings = {
				ALWAYS_SEARCH_USER_PATHS = NO;
				CLANG_ANALYZER_NONNULL = YES;
				CLANG_ANALYZER_NUMBER_OBJECT_CONVERSION = YES_AGGRESSIVE;
				CLANG_CXX_LANGUAGE_STANDARD = "gnu++20";
				CLANG_ENABLE_MODULES = YES;
				CLANG_ENABLE_OBJC_ARC = YES;
				CLANG_ENABLE_OBJC_WEAK = YES;
				CLANG_WARN_BLOCK_CAPTURE_AUTORELEASING = YES;
				CLANG_WARN_BOOL_CONVERSION = YES;
				CLANG_WARN_COMMA = YES;
				CLANG_WARN_CONSTANT_CONVERSION = YES;
				CLANG_WARN_DEPRECATED_OBJC_IMPLEMENTATIONS = YES;
				CLANG_WARN_DIRECT_OBJC_ISA_USAGE = YES_ERROR;
				CLANG_WARN_DOCUMENTATION_COMMENTS = YES;
				CLANG_WARN_EMPTY_BODY = YES;
				CLANG_WARN_ENUM_CONVERSION = YES;
				CLANG_WARN_INFINITE_RECURSION = YES;
				CLANG_WARN_INT_CONVERSION = YES;
				CLANG_WARN_NON_LITERAL_NULL_CONVERSION = YES;
				CLANG_WARN_OBJC_IMPLICIT_RETAIN_SELF = YES;
				CLANG_WARN_OBJC_LITERAL_CONVERSION = YES;
				CLANG_WARN_OBJC_ROOT_CLASS = YES_ERROR;
				CLANG_WARN_QUOTED_INCLUDE_IN_FRAMEWORK_HEADER = YES;
				CLANG_WARN_RANGE_LOOP_ANALYSIS = YES;
				CLANG_WARN_STRICT_PROTOTYPES = YES;
				CLANG_WARN_SUSPICIOUS_MOVE = YES;
				CLANG_WARN_UNGUARDED_AVAILABILITY = YES_AGGRESSIVE;
				CLANG_WARN_UNREACHABLE_CODE = YES;
				CLANG_WARN__DUPLICATE_METHOD_MATCH = YES;
				COPY_PHASE_STRIP = NO;
				DEBUG_INFORMATION_FORMAT = dwarf;
				ENABLE_STRICT_OBJC_MSGSEND = YES;
				ENABLE_TESTABILITY = YES;
				GCC_C_LANGUAGE_STANDARD = gnu11;
				GCC_DYNAMIC_NO_PIC = NO;
				GCC_NO_COMMON_BLOCKS = YES;
				GCC_OPTIMIZATION_LEVEL = 0;
				GCC_PREPROCESSOR_DEFINITIONS = (
					"DEBUG=1",
					"$(inherited)",
				);
				GCC_WARN_64_TO_32_BIT_CONVERSION = YES;
				GCC_WARN_ABOUT_RETURN_TYPE = YES_ERROR;
				GCC_WARN_UNDECLARED_SELECTOR = YES;
				GCC_WARN_UNINITIALIZED_AUTOS = YES_AGGRESSIVE;
				GCC_WARN_UNUSED_FUNCTION = YES;
				GCC_WARN_UNUSED_VARIABLE = YES;
				IPHONEOS_DEPLOYMENT_TARGET = 16.0;
				MTL_ENABLE_DEBUG_INFO = INCLUDE_SOURCE;
				MTL_FAST_MATH = YES;
				ONLY_ACTIVE_ARCH = YES;
				SDKROOT = iphoneos;
				SWIFT_ACTIVE_COMPILATION_CONDITIONS = DEBUG;
				SWIFT_OPTIMIZATION_LEVEL = "-Onone";
			};
			name = Debug;
		};
		7D91C2BB28E5667A000AE0D1 /* Release */ = {
			isa = XCBuildConfiguration;
			buildSettings = {
				ALWAYS_SEARCH_USER_PATHS = NO;
				CLANG_ANALYZER_NONNULL = YES;
				CLANG_ANALYZER_NUMBER_OBJECT_CONVERSION = YES_AGGRESSIVE;
				CLANG_CXX_LANGUAGE_STANDARD = "gnu++20";
				CLANG_ENABLE_MODULES = YES;
				CLANG_ENABLE_OBJC_ARC = YES;
				CLANG_ENABLE_OBJC_WEAK = YES;
				CLANG_WARN_BLOCK_CAPTURE_AUTORELEASING = YES;
				CLANG_WARN_BOOL_CONVERSION = YES;
				CLANG_WARN_COMMA = YES;
				CLANG_WARN_CONSTANT_CONVERSION = YES;
				CLANG_WARN_DEPRECATED_OBJC_IMPLEMENTATIONS = YES;
				CLANG_WARN_DIRECT_OBJC_ISA_USAGE = YES_ERROR;
				CLANG_WARN_DOCUMENTATION_COMMENTS = YES;
				CLANG_WARN_EMPTY_BODY = YES;
				CLANG_WARN_ENUM_CONVERSION = YES;
				CLANG_WARN_INFINITE_RECURSION = YES;
				CLANG_WARN_INT_CONVERSION = YES;
				CLANG_WARN_NON_LITERAL_NULL_CONVERSION = YES;
				CLANG_WARN_OBJC_IMPLICIT_RETAIN_SELF = YES;
				CLANG_WARN_OBJC_LITERAL_CONVERSION = YES;
				CLANG_WARN_OBJC_ROOT_CLASS = YES_ERROR;
				CLANG_WARN_QUOTED_INCLUDE_IN_FRAMEWORK_HEADER = YES;
				CLANG_WARN_RANGE_LOOP_ANALYSIS = YES;
				CLANG_WARN_STRICT_PROTOTYPES = YES;
				CLANG_WARN_SUSPICIOUS_MOVE = YES;
				CLANG_WARN_UNGUARDED_AVAILABILITY = YES_AGGRESSIVE;
				CLANG_WARN_UNREACHABLE_CODE = YES;
				CLANG_WARN__DUPLICATE_METHOD_MATCH = YES;
				COPY_PHASE_STRIP = NO;
				DEBUG_INFORMATION_FORMAT = "dwarf-with-dsym";
				ENABLE_NS_ASSERTIONS = NO;
				ENABLE_STRICT_OBJC_MSGSEND = YES;
				GCC_C_LANGUAGE_STANDARD = gnu11;
				GCC_NO_COMMON_BLOCKS = YES;
				GCC_WARN_64_TO_32_BIT_CONVERSION = YES;
				GCC_WARN_ABOUT_RETURN_TYPE = YES_ERROR;
				GCC_WARN_UNDECLARED_SELECTOR = YES;
				GCC_WARN_UNINITIALIZED_AUTOS = YES_AGGRESSIVE;
				GCC_WARN_UNUSED_FUNCTION = YES;
				GCC_WARN_UNUSED_VARIABLE = YES;
				IPHONEOS_DEPLOYMENT_TARGET = 16.0;
				MTL_ENABLE_DEBUG_INFO = NO;
				MTL_FAST_MATH = YES;
				SDKROOT = iphoneos;
				SWIFT_COMPILATION_MODE = wholemodule;
				SWIFT_OPTIMIZATION_LEVEL = "-O";
				VALIDATE_PRODUCT = YES;
			};
			name = Release;
		};
		7D91C2BD28E5667A000AE0D1 /* Debug */ = {
			isa = XCBuildConfiguration;
			buildSettings = {
				ASSETCATALOG_COMPILER_APPICON_NAME = AppIcon;
				ASSETCATALOG_COMPILER_GLOBAL_ACCENT_COLOR_NAME = AccentColor;
				CODE_SIGN_STYLE = Automatic;
				CURRENT_PROJECT_VERSION = 1;
				DEVELOPMENT_ASSET_PATHS = "\"Project10/Preview Content\"";
				ENABLE_PREVIEWS = YES;
				GENERATE_INFOPLIST_FILE = YES;
				INFOPLIST_KEY_UIApplicationSceneManifest_Generation = YES;
				INFOPLIST_KEY_UIApplicationSupportsIndirectInputEvents = YES;
				INFOPLIST_KEY_UILaunchScreen_Generation = YES;
				INFOPLIST_KEY_UISupportedInterfaceOrientations_iPad = "UIInterfaceOrientationPortrait UIInterfaceOrientationPortraitUpsideDown UIInterfaceOrientationLandscapeLeft UIInterfaceOrientationLandscapeRight";
				INFOPLIST_KEY_UISupportedInterfaceOrientations_iPhone = "UIInterfaceOrientationPortrait UIInterfaceOrientationLandscapeLeft UIInterfaceOrientationLandscapeRight";
				LD_RUNPATH_SEARCH_PATHS = (
					"$(inherited)",
					"@executable_path/Frameworks",
				);
				MARKETING_VERSION = 1.0;
				PRODUCT_BUNDLE_IDENTIFIER = w.Project10;
				PRODUCT_NAME = "$(TARGET_NAME)";
				SWIFT_EMIT_LOC_STRINGS = YES;
				SWIFT_VERSION = 5.0;
				TARGETED_DEVICE_FAMILY = "1,2";
			};
			name = Debug;
		};
		7D91C2BE28E5667A000AE0D1 /* Release */ = {
			isa = XCBuildConfiguration;
			buildSettings = {
				ASSETCATALOG_COMPILER_APPICON_NAME = AppIcon;
				ASSETCATALOG_COMPILER_GLOBAL_ACCENT_COLOR_NAME = AccentColor;
				CODE_SIGN_STYLE = Automatic;
				CURRENT_PROJECT_VERSION = 1;
				DEVELOPMENT_ASSET_PATHS = "\"Project10/Preview Content\"";
				ENABLE_PREVIEWS = YES;
				GENERATE_INFOPLIST_FILE = YES;
				INFOPLIST_KEY_UIApplicationSceneManifest_Generation = YES;
				INFOPLIST_KEY_UIApplicationSupportsIndirectInputEvents = YES;
				INFOPLIST_KEY_UILaunchScreen_Generation = YES;
				INFOPLIST_KEY_UISupportedInterfaceOrientations_iPad = "UIInterfaceOrientationPortrait UIInterfaceOrientationPortraitUpsideDown UIInterfaceOrientationLandscapeLeft UIInterfaceOrientationLandscapeRight";
				INFOPLIST_KEY_UISupportedInterfaceOrientations_iPhone = "UIInterfaceOrientationPortrait UIInterfaceOrientationLandscapeLeft UIInterfaceOrientationLandscapeRight";
				LD_RUNPATH_SEARCH_PATHS = (
					"$(inherited)",
					"@executable_path/Frameworks",
				);
				MARKETING_VERSION = 1.0;
				PRODUCT_BUNDLE_IDENTIFIER = w.Project10;
				PRODUCT_NAME = "$(TARGET_NAME)";
				SWIFT_EMIT_LOC_STRINGS = YES;
				SWIFT_VERSION = 5.0;
				TARGETED_DEVICE_FAMILY = "1,2";
			};
			name = Release;
		};
/* End XCBuildConfiguration section */

/* Begin XCConfigurationList section */
		7D91C2A928E56679000AE0D1 /* Build configuration list for PBXProject "Project10" */ = {
			isa = XCConfigurationList;
			buildConfigurations = (
				7D91C2BA28E5667A000AE0D1 /* Debug */,
				7D91C2BB28E5667A000AE0D1 /* Release */,
			);
			defaultConfigurationIsVisible = 0;
			defaultConfigurationName = Release;
		};
		7D91C2BC28E5667A000AE0D1 /* Build configuration list for PBXNativeTarget "Project10" */ = {
			isa = XCConfigurationList;
			buildConfigurations = (
				7D91C2BD28E5667A000AE0D1 /* Debug */,
				7D91C2BE28E5667A000AE0D1 /* Release */,
			);
			defaultConfigurationIsVisible = 0;
			defaultConfigurationName = Release;
		};
/* End XCConfigurationList section */
	};
	rootObject = 7D91C2A628E56679000AE0D1 /* Project object */;
}
