// !$*UTF8*$!
{
	archiveVersion = 1;
	classes = {
	};
	objectVersion = 56;
	objects = {

/* Begin PBXBuildFile section */
		7D71FB8828E2DC9F003D0607 /* HabitViewModel.swift in Sources */ = {isa = PBXBuildFile; fileRef = 7D71FB8728E2DC9F003D0607 /* HabitViewModel.swift */; };
		7D71FB8A28E2EC45003D0607 /* HabitDetailedView.swift in Sources */ = {isa = PBXBuildFile; fileRef = 7D71FB8928E2EC45003D0607 /* HabitDetailedView.swift */; };
		7D71FB8E28E380D1003D0607 /* HabitCard.swift in Sources */ = {isa = PBXBuildFile; fileRef = 7D71FB8D28E380D1003D0607 /* HabitCard.swift */; };
		7DD16D0D28E2D81B008F5906 /* HabitterApp.swift in Sources */ = {isa = PBXBuildFile; fileRef = 7DD16D0C28E2D81B008F5906 /* HabitterApp.swift */; };
		7DD16D0F28E2D81B008F5906 /* ContentView.swift in Sources */ = {isa = PBXBuildFile; fileRef = 7DD16D0E28E2D81B008F5906 /* ContentView.swift */; };
		7DD16D1128E2D81C008F5906 /* Assets.xcassets in Resources */ = {isa = PBXBuildFile; fileRef = 7DD16D1028E2D81C008F5906 /* Assets.xcassets */; };
		7DD16D1428E2D81C008F5906 /* Preview Assets.xcassets in Resources */ = {isa = PBXBuildFile; fileRef = 7DD16D1328E2D81C008F5906 /* Preview Assets.xcassets */; };
		7DD16D1B28E2DB36008F5906 /* HabitModel.swift in Sources */ = {isa = PBXBuildFile; fileRef = 7DD16D1A28E2DB36008F5906 /* HabitModel.swift */; };
		7DEF775828E3A00000C4388F /* HabitEdit.swift in Sources */ = {isa = PBXBuildFile; fileRef = 7DEF775728E3A00000C4388F /* HabitEdit.swift */; };
		7DEF775A28E3B86900C4388F /* HabitSheet.swift in Sources */ = {isa = PBXBuildFile; fileRef = 7DEF775928E3B86900C4388F /* HabitSheet.swift */; };
/* End PBXBuildFile section */

/* Begin PBXFileReference section */
		7D71FB8728E2DC9F003D0607 /* HabitViewModel.swift */ = {isa = PBXFileReference; lastKnownFileType = sourcecode.swift; path = HabitViewModel.swift; sourceTree = "<group>"; };
		7D71FB8928E2EC45003D0607 /* HabitDetailedView.swift */ = {isa = PBXFileReference; lastKnownFileType = sourcecode.swift; path = HabitDetailedView.swift; sourceTree = "<group>"; };
		7D71FB8D28E380D1003D0607 /* HabitCard.swift */ = {isa = PBXFileReference; lastKnownFileType = sourcecode.swift; path = HabitCard.swift; sourceTree = "<group>"; };
		7DD16D0928E2D81B008F5906 /* Habitter.app */ = {isa = PBXFileReference; explicitFileType = wrapper.application; includeInIndex = 0; path = Habitter.app; sourceTree = BUILT_PRODUCTS_DIR; };
		7DD16D0C28E2D81B008F5906 /* HabitterApp.swift */ = {isa = PBXFileReference; lastKnownFileType = sourcecode.swift; path = HabitterApp.swift; sourceTree = "<group>"; };
		7DD16D0E28E2D81B008F5906 /* ContentView.swift */ = {isa = PBXFileReference; lastKnownFileType = sourcecode.swift; path = ContentView.swift; sourceTree = "<group>"; };
		7DD16D1028E2D81C008F5906 /* Assets.xcassets */ = {isa = PBXFileReference; lastKnownFileType = folder.assetcatalog; path = Assets.xcassets; sourceTree = "<group>"; };
		7DD16D1328E2D81C008F5906 /* Preview Assets.xcassets */ = {isa = PBXFileReference; lastKnownFileType = folder.assetcatalog; path = "Preview Assets.xcassets"; sourceTree = "<group>"; };
		7DD16D1A28E2DB36008F5906 /* HabitModel.swift */ = {isa = PBXFileReference; lastKnownFileType = sourcecode.swift; path = HabitModel.swift; sourceTree = "<group>"; };
		7DEF775728E3A00000C4388F /* HabitEdit.swift */ = {isa = PBXFileReference; lastKnownFileType = sourcecode.swift; path = HabitEdit.swift; sourceTree = "<group>"; };
		7DEF775928E3B86900C4388F /* HabitSheet.swift */ = {isa = PBXFileReference; lastKnownFileType = sourcecode.swift; path = HabitSheet.swift; sourceTree = "<group>"; };
/* End PBXFileReference section */

/* Begin PBXFrameworksBuildPhase section */
		7DD16D0628E2D81B008F5906 /* Frameworks */ = {
			isa = PBXFrameworksBuildPhase;
			buildActionMask = 2147483647;
			files = (
			);
			runOnlyForDeploymentPostprocessing = 0;
		};
/* End PBXFrameworksBuildPhase section */

/* Begin PBXGroup section */
		7DD16D0028E2D81B008F5906 = {
			isa = PBXGroup;
			children = (
				7DD16D0B28E2D81B008F5906 /* Habitter */,
				7DD16D0A28E2D81B008F5906 /* Products */,
			);
			sourceTree = "<group>";
		};
		7DD16D0A28E2D81B008F5906 /* Products */ = {
			isa = PBXGroup;
			children = (
				7DD16D0928E2D81B008F5906 /* Habitter.app */,
			);
			name = Products;
			sourceTree = "<group>";
		};
		7DD16D0B28E2D81B008F5906 /* Habitter */ = {
			isa = PBXGroup;
			children = (
				7DD16D0E28E2D81B008F5906 /* ContentView.swift */,
				7DEF775728E3A00000C4388F /* HabitEdit.swift */,
				7D71FB8D28E380D1003D0607 /* HabitCard.swift */,
				7DEF775928E3B86900C4388F /* HabitSheet.swift */,
				7D71FB8928E2EC45003D0607 /* HabitDetailedView.swift */,
				7DD16D1A28E2DB36008F5906 /* HabitModel.swift */,
				7D71FB8728E2DC9F003D0607 /* HabitViewModel.swift */,
				7DD16D1228E2D81C008F5906 /* Preview Content */,
				7DD16D1028E2D81C008F5906 /* Assets.xcassets */,
				7DD16D0C28E2D81B008F5906 /* HabitterApp.swift */,
			);
			path = Habitter;
			sourceTree = "<group>";
		};
		7DD16D1228E2D81C008F5906 /* Preview Content */ = {
			isa = PBXGroup;
			children = (
				7DD16D1328E2D81C008F5906 /* Preview Assets.xcassets */,
			);
			path = "Preview Content";
			sourceTree = "<group>";
		};
/* End PBXGroup section */

/* Begin PBXNativeTarget section */
		7DD16D0828E2D81B008F5906 /* Habitter */ = {
			isa = PBXNativeTarget;
			buildConfigurationList = 7DD16D1728E2D81C008F5906 /* Build configuration list for PBXNativeTarget "Habitter" */;
			buildPhases = (
				7DD16D0528E2D81B008F5906 /* Sources */,
				7DD16D0628E2D81B008F5906 /* Frameworks */,
				7DD16D0728E2D81B008F5906 /* Resources */,
			);
			buildRules = (
			);
			dependencies = (
			);
			name = Habitter;
			productName = Habitter;
			productReference = 7DD16D0928E2D81B008F5906 /* Habitter.app */;
			productType = "com.apple.product-type.application";
		};
/* End PBXNativeTarget section */

/* Begin PBXProject section */
		7DD16D0128E2D81B008F5906 /* Project object */ = {
			isa = PBXProject;
			attributes = {
				BuildIndependentTargetsInParallel = 1;
				LastSwiftUpdateCheck = 1400;
				LastUpgradeCheck = 1400;
				TargetAttributes = {
					7DD16D0828E2D81B008F5906 = {
						CreatedOnToolsVersion = 14.0;
					};
				};
			};
			buildConfigurationList = 7DD16D0428E2D81B008F5906 /* Build configuration list for PBXProject "Habitter" */;
			compatibilityVersion = "Xcode 14.0";
			developmentRegion = en;
			hasScannedForEncodings = 0;
			knownRegions = (
				en,
				Base,
			);
			mainGroup = 7DD16D0028E2D81B008F5906;
			productRefGroup = 7DD16D0A28E2D81B008F5906 /* Products */;
			projectDirPath = "";
			projectRoot = "";
			targets = (
				7DD16D0828E2D81B008F5906 /* Habitter */,
			);
		};
/* End PBXProject section */

/* Begin PBXResourcesBuildPhase section */
		7DD16D0728E2D81B008F5906 /* Resources */ = {
			isa = PBXResourcesBuildPhase;
			buildActionMask = 2147483647;
			files = (
				7DD16D1428E2D81C008F5906 /* Preview Assets.xcassets in Resources */,
				7DD16D1128E2D81C008F5906 /* Assets.xcassets in Resources */,
			);
			runOnlyForDeploymentPostprocessing = 0;
		};
/* End PBXResourcesBuildPhase section */

/* Begin PBXSourcesBuildPhase section */
		7DD16D0528E2D81B008F5906 /* Sources */ = {
			isa = PBXSourcesBuildPhase;
			buildActionMask = 2147483647;
			files = (
				7D71FB8A28E2EC45003D0607 /* HabitDetailedView.swift in Sources */,
				7DEF775828E3A00000C4388F /* HabitEdit.swift in Sources */,
				7DD16D1B28E2DB36008F5906 /* HabitModel.swift in Sources */,
				7DD16D0F28E2D81B008F5906 /* ContentView.swift in Sources */,
				7DEF775A28E3B86900C4388F /* HabitSheet.swift in Sources */,
				7DD16D0D28E2D81B008F5906 /* HabitterApp.swift in Sources */,
				7D71FB8E28E380D1003D0607 /* HabitCard.swift in Sources */,
				7D71FB8828E2DC9F003D0607 /* HabitViewModel.swift in Sources */,
			);
			runOnlyForDeploymentPostprocessing = 0;
		};
/* End PBXSourcesBuildPhase section */

/* Begin XCBuildConfiguration section */
		7DD16D1528E2D81C008F5906 /* Debug */ = {
			isa = XCBuildConfiguration;
			buildSettings = {
				ALWAYS_SEARCH_USER_PATHS = NO;
				CLANG_ANALYZER_NONNULL = YES;
				CLANG_ANALYZER_NUMBER_OBJECT_CONVERSION = YES_AGGRESSIVE;
				CLANG_CXX_LANGUAGE_STANDARD = "gnu++20";
				CLANG_ENABLE_MODULES = YES;
				CLANG_ENABLE_OBJC_ARC = YES;
				CLANG_ENABLE_OBJC_WEAK = YES;
				CLANG_WARN_BLOCK_CAPTURE_AUTORELEASING = YES;
				CLANG_WARN_BOOL_CONVERSION = YES;
				CLANG_WARN_COMMA = YES;
				CLANG_WARN_CONSTANT_CONVERSION = YES;
				CLANG_WARN_DEPRECATED_OBJC_IMPLEMENTATIONS = YES;
				CLANG_WARN_DIRECT_OBJC_ISA_USAGE = YES_ERROR;
				CLANG_WARN_DOCUMENTATION_COMMENTS = YES;
				CLANG_WARN_EMPTY_BODY = YES;
				CLANG_WARN_ENUM_CONVERSION = YES;
				CLANG_WARN_INFINITE_RECURSION = YES;
				CLANG_WARN_INT_CONVERSION = YES;
				CLANG_WARN_NON_LITERAL_NULL_CONVERSION = YES;
				CLANG_WARN_OBJC_IMPLICIT_RETAIN_SELF = YES;
				CLANG_WARN_OBJC_LITERAL_CONVERSION = YES;
				CLANG_WARN_OBJC_ROOT_CLASS = YES_ERROR;
				CLANG_WARN_QUOTED_INCLUDE_IN_FRAMEWORK_HEADER = YES;
				CLANG_WARN_RANGE_LOOP_ANALYSIS = YES;
				CLANG_WARN_STRICT_PROTOTYPES = YES;
				CLANG_WARN_SUSPICIOUS_MOVE = YES;
				CLANG_WARN_UNGUARDED_AVAILABILITY = YES_AGGRESSIVE;
				CLANG_WARN_UNREACHABLE_CODE = YES;
				CLANG_WARN__DUPLICATE_METHOD_MATCH = YES;
				COPY_PHASE_STRIP = NO;
				DEBUG_INFORMATION_FORMAT = dwarf;
				ENABLE_STRICT_OBJC_MSGSEND = YES;
				ENABLE_TESTABILITY = YES;
				GCC_C_LANGUAGE_STANDARD = gnu11;
				GCC_DYNAMIC_NO_PIC = NO;
				GCC_NO_COMMON_BLOCKS = YES;
				GCC_OPTIMIZATION_LEVEL = 0;
				GCC_PREPROCESSOR_DEFINITIONS = (
					"DEBUG=1",
					"$(inherited)",
				);
				GCC_WARN_64_TO_32_BIT_CONVERSION = YES;
				GCC_WARN_ABOUT_RETURN_TYPE = YES_ERROR;
				GCC_WARN_UNDECLARED_SELECTOR = YES;
				GCC_WARN_UNINITIALIZED_AUTOS = YES_AGGRESSIVE;
				GCC_WARN_UNUSED_FUNCTION = YES;
				GCC_WARN_UNUSED_VARIABLE = YES;
				IPHONEOS_DEPLOYMENT_TARGET = 16.0;
				MTL_ENABLE_DEBUG_INFO = INCLUDE_SOURCE;
				MTL_FAST_MATH = YES;
				ONLY_ACTIVE_ARCH = YES;
				SDKROOT = iphoneos;
				SWIFT_ACTIVE_COMPILATION_CONDITIONS = DEBUG;
				SWIFT_OPTIMIZATION_LEVEL = "-Onone";
			};
			name = Debug;
		};
		7DD16D1628E2D81C008F5906 /* Release */ = {
			isa = XCBuildConfiguration;
			buildSettings = {
				ALWAYS_SEARCH_USER_PATHS = NO;
				CLANG_ANALYZER_NONNULL = YES;
				CLANG_ANALYZER_NUMBER_OBJECT_CONVERSION = YES_AGGRESSIVE;
				CLANG_CXX_LANGUAGE_STANDARD = "gnu++20";
				CLANG_ENABLE_MODULES = YES;
				CLANG_ENABLE_OBJC_ARC = YES;
				CLANG_ENABLE_OBJC_WEAK = YES;
				CLANG_WARN_BLOCK_CAPTURE_AUTORELEASING = YES;
				CLANG_WARN_BOOL_CONVERSION = YES;
				CLANG_WARN_COMMA = YES;
				CLANG_WARN_CONSTANT_CONVERSION = YES;
				CLANG_WARN_DEPRECATED_OBJC_IMPLEMENTATIONS = YES;
				CLANG_WARN_DIRECT_OBJC_ISA_USAGE = YES_ERROR;
				CLANG_WARN_DOCUMENTATION_COMMENTS = YES;
				CLANG_WARN_EMPTY_BODY = YES;
				CLANG_WARN_ENUM_CONVERSION = YES;
				CLANG_WARN_INFINITE_RECURSION = YES;
				CLANG_WARN_INT_CONVERSION = YES;
				CLANG_WARN_NON_LITERAL_NULL_CONVERSION = YES;
				CLANG_WARN_OBJC_IMPLICIT_RETAIN_SELF = YES;
				CLANG_WARN_OBJC_LITERAL_CONVERSION = YES;
				CLANG_WARN_OBJC_ROOT_CLASS = YES_ERROR;
				CLANG_WARN_QUOTED_INCLUDE_IN_FRAMEWORK_HEADER = YES;
				CLANG_WARN_RANGE_LOOP_ANALYSIS = YES;
				CLANG_WARN_STRICT_PROTOTYPES = YES;
				CLANG_WARN_SUSPICIOUS_MOVE = YES;
				CLANG_WARN_UNGUARDED_AVAILABILITY = YES_AGGRESSIVE;
				CLANG_WARN_UNREACHABLE_CODE = YES;
				CLANG_WARN__DUPLICATE_METHOD_MATCH = YES;
				COPY_PHASE_STRIP = NO;
				DEBUG_INFORMATION_FORMAT = "dwarf-with-dsym";
				ENABLE_NS_ASSERTIONS = NO;
				ENABLE_STRICT_OBJC_MSGSEND = YES;
				GCC_C_LANGUAGE_STANDARD = gnu11;
				GCC_NO_COMMON_BLOCKS = YES;
				GCC_WARN_64_TO_32_BIT_CONVERSION = YES;
				GCC_WARN_ABOUT_RETURN_TYPE = YES_ERROR;
				GCC_WARN_UNDECLARED_SELECTOR = YES;
				GCC_WARN_UNINITIALIZED_AUTOS = YES_AGGRESSIVE;
				GCC_WARN_UNUSED_FUNCTION = YES;
				GCC_WARN_UNUSED_VARIABLE = YES;
				IPHONEOS_DEPLOYMENT_TARGET = 16.0;
				MTL_ENABLE_DEBUG_INFO = NO;
				MTL_FAST_MATH = YES;
				SDKROOT = iphoneos;
				SWIFT_COMPILATION_MODE = wholemodule;
				SWIFT_OPTIMIZATION_LEVEL = "-O";
				VALIDATE_PRODUCT = YES;
			};
			name = Release;
		};
		7DD16D1828E2D81C008F5906 /* Debug */ = {
			isa = XCBuildConfiguration;
			buildSettings = {
				ASSETCATALOG_COMPILER_APPICON_NAME = AppIcon;
				ASSETCATALOG_COMPILER_GLOBAL_ACCENT_COLOR_NAME = AccentColor;
				CODE_SIGN_STYLE = Automatic;
				CURRENT_PROJECT_VERSION = 1;
				DEVELOPMENT_ASSET_PATHS = "\"Habitter/Preview Content\"";
				ENABLE_PREVIEWS = YES;
				GENERATE_INFOPLIST_FILE = YES;
				INFOPLIST_KEY_UIApplicationSceneManifest_Generation = YES;
				INFOPLIST_KEY_UIApplicationSupportsIndirectInputEvents = YES;
				INFOPLIST_KEY_UILaunchScreen_Generation = YES;
				INFOPLIST_KEY_UISupportedInterfaceOrientations_iPad = "UIInterfaceOrientationPortrait UIInterfaceOrientationPortraitUpsideDown UIInterfaceOrientationLandscapeLeft UIInterfaceOrientationLandscapeRight";
				INFOPLIST_KEY_UISupportedInterfaceOrientations_iPhone = "UIInterfaceOrientationPortrait UIInterfaceOrientationLandscapeLeft UIInterfaceOrientationLandscapeRight";
				LD_RUNPATH_SEARCH_PATHS = (
					"$(inherited)",
					"@executable_path/Frameworks",
				);
				MARKETING_VERSION = 1.0;
				PRODUCT_BUNDLE_IDENTIFIER = w.Habitter;
				PRODUCT_NAME = "$(TARGET_NAME)";
				SWIFT_EMIT_LOC_STRINGS = YES;
				SWIFT_VERSION = 5.0;
				TARGETED_DEVICE_FAMILY = "1,2";
			};
			name = Debug;
		};
		7DD16D1928E2D81C008F5906 /* Release */ = {
			isa = XCBuildConfiguration;
			buildSettings = {
				ASSETCATALOG_COMPILER_APPICON_NAME = AppIcon;
				ASSETCATALOG_COMPILER_GLOBAL_ACCENT_COLOR_NAME = AccentColor;
				CODE_SIGN_STYLE = Automatic;
				CURRENT_PROJECT_VERSION = 1;
				DEVELOPMENT_ASSET_PATHS = "\"Habitter/Preview Content\"";
				ENABLE_PREVIEWS = YES;
				GENERATE_INFOPLIST_FILE = YES;
				INFOPLIST_KEY_UIApplicationSceneManifest_Generation = YES;
				INFOPLIST_KEY_UIApplicationSupportsIndirectInputEvents = YES;
				INFOPLIST_KEY_UILaunchScreen_Generation = YES;
				INFOPLIST_KEY_UISupportedInterfaceOrientations_iPad = "UIInterfaceOrientationPortrait UIInterfaceOrientationPortraitUpsideDown UIInterfaceOrientationLandscapeLeft UIInterfaceOrientationLandscapeRight";
				INFOPLIST_KEY_UISupportedInterfaceOrientations_iPhone = "UIInterfaceOrientationPortrait UIInterfaceOrientationLandscapeLeft UIInterfaceOrientationLandscapeRight";
				LD_RUNPATH_SEARCH_PATHS = (
					"$(inherited)",
					"@executable_path/Frameworks",
				);
				MARKETING_VERSION = 1.0;
				PRODUCT_BUNDLE_IDENTIFIER = w.Habitter;
				PRODUCT_NAME = "$(TARGET_NAME)";
				SWIFT_EMIT_LOC_STRINGS = YES;
				SWIFT_VERSION = 5.0;
				TARGETED_DEVICE_FAMILY = "1,2";
			};
			name = Release;
		};
/* End XCBuildConfiguration section */

/* Begin XCConfigurationList section */
		7DD16D0428E2D81B008F5906 /* Build configuration list for PBXProject "Habitter" */ = {
			isa = XCConfigurationList;
			buildConfigurations = (
				7DD16D1528E2D81C008F5906 /* Debug */,
				7DD16D1628E2D81C008F5906 /* Release */,
			);
			defaultConfigurationIsVisible = 0;
			defaultConfigurationName = Release;
		};
		7DD16D1728E2D81C008F5906 /* Build configuration list for PBXNativeTarget "Habitter" */ = {
			isa = XCConfigurationList;
			buildConfigurations = (
				7DD16D1828E2D81C008F5906 /* Debug */,
				7DD16D1928E2D81C008F5906 /* Release */,
			);
			defaultConfigurationIsVisible = 0;
			defaultConfigurationName = Release;
		};
/* End XCConfigurationList section */
	};
	rootObject = 7DD16D0128E2D81B008F5906 /* Project object */;
}
